{
  "originHash" : "9b000147a1980f41b509c6cb65ac60722e23c9e234baa8eb06c14f549da3f902",
  "pins" : [
    {
      "identity" : "analyticscraft",
      "kind" : "remoteSourceControl",
      "location" : "https://github.com/dDomovoj/AnalyticsCraft.git",
      "state" : {
        "branch" : "master",
        "revision" : "6c4f7abc3bb584f7bf9e38129c3bce50c94eedde"
      }
    },
    {
      "identity" : "appsflyerframework",
      "kind" : "remoteSourceControl",
      "location" : "https://github.com/AppsFlyerSDK/AppsFlyerFramework",
      "state" : {
        "revision" : "43147aff398c1d9973f2f5dbe1193ad5d2e82d74",
        "version" : "6.17.7"
      }
    },
    {
      "identity" : "callbackscraft",
      "kind" : "remoteSourceControl",
      "location" : "https://github.com/dDomovoj/CallbacksCraft.git",
      "state" : {
        "branch" : "master",
        "revision" : "354a4c13d4fd715a8de4d3b569b3c2ff5b31350b"
      }
    },
    {
      "identity" : "cascade",
      "kind" : "remoteSourceControl",
      "location" : "https://github.com/dDomovoj/Cascade.git",
      "state" : {
        "branch" : "main",
        "revision" : "7bedececdea8da5b87be587aefb0a2b051b00f75"
      }
    },
    {
      "identity" : "notificationcraft",
      "kind" : "remoteSourceControl",
      "location" : "https://github.com/dDomovoj/NotificationCraft.git",
      "state" : {
        "branch" : "master",
        "revision" : "99bb3f695c7b8ee5d723eac20f489b03ce0fc2ed"
      }
    },
    {
      "identity" : "paywallcraft",
      "kind" : "remoteSourceControl",
      "location" : "git@github.com:appstea/PaywallCraft.git",
      "state" : {
        "branch" : "develop",
        "revision" : "21d3634a7309961666036aa9b6616952dc96ef1d"
      }
    },
    {
      "identity" : "permissionskit",
      "kind" : "remoteSourceControl",
      "location" : "https://github.com/sparrowcode/PermissionsKit",
      "state" : {
        "revision" : "5e5935998cf9c44033e429c3b7d1dd176a1f55ad",
        "version" : "11.1.0"
      }
    },
    {
      "identity" : "pinlayout",
      "kind" : "remoteSourceControl",
      "location" : "https://github.com/layoutBox/PinLayout",
      "state" : {
        "revision" : "72f5300042618340df21500f6c4ce71bb78b93e1",
        "version" : "1.10.6"
      }
    },
    {
      "identity" : "purchases-ios",
      "kind" : "remoteSourceControl",
      "location" : "https://github.com/RevenueCat/purchases-ios.git",
      "state" : {
        "revision" : "1821dc954cbd3fdc27a28f3356eb1a3d77642f04",
        "version" : "5.44.1"
      }
    },
    {
      "identity" : "reachability.swift",
      "kind" : "remoteSourceControl",
      "location" : "https://github.com/ashleymills/Reachability.swift",
      "state" : {
        "revision" : "21d1dc412cfecbe6e34f1f4c4eb88d3f912654a6",
        "version" : "5.2.4"
      }
    },
    {
      "identity" : "snapkit",
      "kind" : "remoteSourceControl",
      "location" : "https://github.com/SnapKit/SnapKit.git",
      "state" : {
        "revision" : "2842e6e84e82eb9a8dac0100ca90d9444b0307f4",
        "version" : "5.7.1"
      }
    },
    {
      "identity" : "stackcraft",
      "kind" : "remoteSourceControl",
      "location" : "https://github.com/dDomovoj/StackCraft.git",
      "state" : {
        "revision" : "94d3361189743b70f57ce47ab308437bbb593ffe",
        "version" : "0.3.3"
      }
    },
    {
      "identity" : "stored",
      "kind" : "remoteSourceControl",
      "location" : "https://github.com/dDomovoj/Stored.git",
      "state" : {
        "branch" : "master",
        "revision" : "622e15f33614e049eb767f474e3f1f99ef4d2834"
      }
    },
    {
      "identity" : "svprogresshud",
      "kind" : "remoteSourceControl",
      "location" : "https://github.com/sereivoanyong/SVProgressHUD.git",
      "state" : {
        "branch" : "main",
        "revision" : "a8160a193787467e55ae8ea0effac8ad2b479d85"
      }
    },
    {
      "identity" : "swiftyattributes",
      "kind" : "remoteSourceControl",
      "location" : "https://github.com/eddiekaiger/SwiftyAttributes",
      "state" : {
        "branch" : "master",
        "revision" : "e35ef6a610dc084d6a737d976b4168456ef3417a"
      }
    },
    {
      "identity" : "textcraft",
      "kind" : "remoteSourceControl",
      "location" : "https://github.com/dDomovoj/TextCraft.git",
      "state" : {
        "branch" : "master",
        "revision" : "939ae4b903bd1ba52b8a484238fe36dfbeea843b"
      }
    },
    {
      "identity" : "uibase",
      "kind" : "remoteSourceControl",
      "location" : "https://github.com/dDomovoj/UIBase.git",
      "state" : {
        "branch" : "master",
        "revision" : "e8cf51860af4fe066ffec73ff7df279ab6f1f616"
      }
    },
    {
      "identity" : "uicommon",
      "kind" : "remoteSourceControl",
      "location" : "https://github.com/dDomovoj/UICommon.git",
      "state" : {
        "branch" : "master",
        "revision" : "24942fb5d673fd0b80dcafa1afac29015193ade0"
      }
    },
    {
      "identity" : "utils",
      "kind" : "remoteSourceControl",
      "location" : "https://github.com/dDomovoj/Utils.git",
      "state" : {
        "branch" : "master",
        "revision" : "cfc9c0a5a40362639e6015e2fd2879131daf9a63"
      }
    }
  ],
  "version" : 3
}
