{
  "pins" : [
    {
      "identity" : "abseil-cpp-swiftpm",
      "kind" : "remoteSourceControl",
      "location" : "https://github.com/firebase/abseil-cpp-SwiftPM.git",
      "state" : {
        "revision" : "583de9bd60f66b40e78d08599cc92036c2e7e4e1",
        "version" : "0.20220203.2"
      }
    },
    {
      "identity" : "analyticscraft",
      "kind" : "remoteSourceControl",
      "location" : "https://github.com/dDomovoj/AnalyticsCraft.git",
      "state" : {
        "branch" : "master",
        "revision" : "6c4f7abc3bb584f7bf9e38129c3bce50c94eedde"
      }
    },
    {
      "identity" : "boringssl-swiftpm",
      "kind" : "remoteSourceControl",
      "location" : "https://github.com/firebase/boringssl-SwiftPM.git",
      "state" : {
        "revision" : "dd3eda2b05a3f459fc3073695ad1b28659066eab",
        "version" : "0.9.1"
      }
    },
    {
      "identity" : "callbackscraft",
      "kind" : "remoteSourceControl",
      "location" : "https://github.com/dDomovoj/CallbacksCraft.git",
      "state" : {
        "branch" : "master",
        "revision" : "354a4c13d4fd715a8de4d3b569b3c2ff5b31350b"
      }
    },
    {
      "identity" : "cascade",
      "kind" : "remoteSourceControl",
      "location" : "https://github.com/dDomovoj/Cascade.git",
      "state" : {
        "branch" : "master",
        "revision" : "7bedececdea8da5b87be587aefb0a2b051b00f75"
      }
    },
    {
      "identity" : "firebase-ios-sdk",
      "kind" : "remoteSourceControl",
      "location" : "https://github.com/firebase/firebase-ios-sdk.git",
      "state" : {
        "revision" : "7e80c25b51c2ffa238879b07fbfc5baa54bb3050",
        "version" : "9.6.0"
      }
    },
    {
      "identity" : "googleappmeasurement",
      "kind" : "remoteSourceControl",
      "location" : "https://github.com/google/GoogleAppMeasurement.git",
      "state" : {
        "revision" : "c1cfde8067668027b23a42c29d11c246152fe046",
        "version" : "9.6.0"
      }
    },
    {
      "identity" : "googledatatransport",
      "kind" : "remoteSourceControl",
      "location" : "https://github.com/google/GoogleDataTransport.git",
      "state" : {
        "revision" : "5056b15c5acbb90cd214fe4d6138bdf5a740e5a8",
        "version" : "9.2.0"
      }
    },
    {
      "identity" : "googleutilities",
      "kind" : "remoteSourceControl",
      "location" : "https://github.com/google/GoogleUtilities.git",
      "state" : {
        "revision" : "6db6edb48bdd9943426562c7f042a5492de5ba3d",
        "version" : "7.10.0"
      }
    },
    {
      "identity" : "grpc-ios",
      "kind" : "remoteSourceControl",
      "location" : "https://github.com/grpc/grpc-ios.git",
      "state" : {
        "revision" : "8440b914756e0d26d4f4d054a1c1581daedfc5b6",
        "version" : "1.44.3-grpc"
      }
    },
    {
      "identity" : "gtm-session-fetcher",
      "kind" : "remoteSourceControl",
      "location" : "https://github.com/google/gtm-session-fetcher.git",
      "state" : {
        "revision" : "5ccda3981422a84186387dbb763ba739178b529c",
        "version" : "2.3.0"
      }
    },
    {
      "identity" : "ios-branch-deep-linking-attribution",
      "kind" : "remoteSourceControl",
      "location" : "https://github.com/BranchMetrics/ios-branch-deep-linking-attribution",
      "state" : {
        "revision" : "94657d5a9cb8154749b3f12f512f5e1e0d100ba5",
        "version" : "1.45.2"
      }
    },
    {
      "identity" : "leveldb",
      "kind" : "remoteSourceControl",
      "location" : "https://github.com/firebase/leveldb.git",
      "state" : {
        "revision" : "0706abcc6b0bd9cedfbb015ba840e4a780b5159b",
        "version" : "1.22.2"
      }
    },
    {
      "identity" : "nanopb",
      "kind" : "remoteSourceControl",
      "location" : "https://github.com/firebase/nanopb.git",
      "state" : {
        "revision" : "819d0a2173aff699fb8c364b6fb906f7cdb1a692",
        "version" : "2.30909.0"
      }
    },
    {
      "identity" : "notificationcraft",
      "kind" : "remoteSourceControl",
      "location" : "https://github.com/dDomovoj/NotificationCraft.git",
      "state" : {
        "branch" : "master",
        "revision" : "1467f5c9a191fd0534df4825d325cf0bc0561d63"
      }
    },
    {
      "identity" : "paywallcraft",
      "kind" : "remoteSourceControl",
      "location" : "git@github.com:appstea/PaywallCraft.git",
      "state" : {
        "branch" : "master",
        "revision" : "5faaf9cc4ea24456b13df92d7b400605018ade1c"
      }
    },
    {
      "identity" : "permissionskit",
      "kind" : "remoteSourceControl",
      "location" : "https://github.com/dDomovoj/PermissionsKit",
      "state" : {
        "revision" : "409deeb9be1b599a3fc6f67641e0c0b3f0baf849",
        "version" : "9.0.2"
      }
    },
    {
      "identity" : "pinlayout",
      "kind" : "remoteSourceControl",
      "location" : "https://github.com/layoutBox/PinLayout",
      "state" : {
        "revision" : "75c88c5c374c7bc78a154ffdf963cd362f38258a",
        "version" : "1.10.3"
      }
    },
    {
      "identity" : "promises",
      "kind" : "remoteSourceControl",
      "location" : "https://github.com/google/promises.git",
      "state" : {
        "revision" : "3e4e743631e86c8c70dbc6efdc7beaa6e90fd3bb",
        "version" : "2.1.1"
      }
    },
    {
      "identity" : "purchases-ios",
      "kind" : "remoteSourceControl",
      "location" : "https://github.com/RevenueCat/purchases-ios.git",
      "state" : {
        "revision" : "4e4876385eb8a598e24cd04d3f6321824b369fe1",
        "version" : "4.15.5"
      }
    },
    {
      "identity" : "reachability.swift",
      "kind" : "remoteSourceControl",
      "location" : "https://github.com/ashleymills/Reachability.swift",
      "state" : {
        "branch" : "master",
        "revision" : "a81b7367f2c46875f29577e03a60c39cdfad0c8d"
      }
    },
    {
      "identity" : "stackcraft",
      "kind" : "remoteSourceControl",
      "location" : "https://github.com/dDomovoj/StackCraft.git",
      "state" : {
        "revision" : "94d3361189743b70f57ce47ab308437bbb593ffe",
        "version" : "0.3.3"
      }
    },
    {
      "identity" : "stored",
      "kind" : "remoteSourceControl",
      "location" : "https://github.com/dDomovoj/Stored.git",
      "state" : {
        "branch" : "master",
        "revision" : "dda49be8201871972256a33e88d4f2e36f52abbf"
      }
    },
    {
      "identity" : "swift-protobuf",
      "kind" : "remoteSourceControl",
      "location" : "https://github.com/apple/swift-protobuf.git",
      "state" : {
        "revision" : "ab3a58b7209a17d781c0d1dbb3e1ff3da306bae8",
        "version" : "1.20.3"
      }
    },
    {
      "identity" : "swiftyattributes",
      "kind" : "remoteSourceControl",
      "location" : "https://github.com/eddiekaiger/SwiftyAttributes",
      "state" : {
        "branch" : "master",
        "revision" : "295b17ef68811f423ed4b281d902df12d4d33963"
      }
    },
    {
      "identity" : "textcraft",
      "kind" : "remoteSourceControl",
      "location" : "https://github.com/dDomovoj/TextCraft.git",
      "state" : {
        "branch" : "master",
        "revision" : "939ae4b903bd1ba52b8a484238fe36dfbeea843b"
      }
    },
    {
      "identity" : "uibase",
      "kind" : "remoteSourceControl",
      "location" : "https://github.com/dDomovoj/UIBase.git",
      "state" : {
        "branch" : "master",
        "revision" : "e8cf51860af4fe066ffec73ff7df279ab6f1f616"
      }
    },
    {
      "identity" : "uicommon",
      "kind" : "remoteSourceControl",
      "location" : "https://github.com/dDomovoj/UICommon.git",
      "state" : {
        "branch" : "master",
        "revision" : "24942fb5d673fd0b80dcafa1afac29015193ade0"
      }
    },
    {
      "identity" : "utils",
      "kind" : "remoteSourceControl",
      "location" : "https://github.com/dDomovoj/Utils.git",
      "state" : {
        "branch" : "master",
        "revision" : "cfc9c0a5a40362639e6015e2fd2879131daf9a63"
      }
    }
  ],
  "version" : 2
}
