// !$*UTF8*$!
{
	archiveVersion = 1;
	classes = {
	};
	objectVersion = 55;
	objects = {

/* Begin PBXBuildFile section */
		5C22C4E92864F4770092D1FA /* PinLayout in Frameworks */ = {isa = PBXBuildFile; productRef = 5C22C4E82864F4770092D1FA /* PinLayout */; };
		5C55FACD2864A96400F0B41C /* Integration.swift in Sources */ = {isa = PBXBuildFile; fileRef = 5C55FACC2864A96400F0B41C /* Integration.swift */; };
		5C7DD82A28622D2C0091AACF /* Localizable.strings in Resources */ = {isa = PBXBuildFile; fileRef = 5C7DD81A28622D2C0091AACF /* Localizable.strings */; };
		5C7DD82B28622D2C0091AACF /* InfoPlist.strings in Resources */ = {isa = PBXBuildFile; fileRef = 5C7DD81C28622D2C0091AACF /* InfoPlist.strings */; };
		5C8DBEB528511C210054B427 /* AppDelegate.swift in Sources */ = {isa = PBXBuildFile; fileRef = 5C8DBEB428511C210054B427 /* AppDelegate.swift */; };
		5C8DBEB728511C210054B427 /* SceneDelegate.swift in Sources */ = {isa = PBXBuildFile; fileRef = 5C8DBEB628511C210054B427 /* SceneDelegate.swift */; };
		5C8DBEB928511C210054B427 /* MainScreen~VC.swift in Sources */ = {isa = PBXBuildFile; fileRef = 5C8DBEB828511C210054B427 /* MainScreen~VC.swift */; };
		5C8DBEBE28511C240054B427 /* Assets.xcassets in Resources */ = {isa = PBXBuildFile; fileRef = 5C8DBEBD28511C240054B427 /* Assets.xcassets */; };
		5C8DBEC128511C240054B427 /* LaunchScreen.storyboard in Resources */ = {isa = PBXBuildFile; fileRef = 5C8DBEBF28511C240054B427 /* LaunchScreen.storyboard */; };
		5C8DBF002858F6910054B427 /* UIViewController~Extensions.swift in Sources */ = {isa = PBXBuildFile; fileRef = 5C8DBEFF2858F6910054B427 /* UIViewController~Extensions.swift */; };
		5C8DBF242858FF460054B427 /* Globals.swift in Sources */ = {isa = PBXBuildFile; fileRef = 5C8DBF232858FF460054B427 /* Globals.swift */; };
		5C8DBF48285A182A0054B427 /* UIService.swift in Sources */ = {isa = PBXBuildFile; fileRef = 5C8DBF47285A182A0054B427 /* UIService.swift */; };
		5C8DBF5B285B8BC50054B427 /* Assets.generated.swift in Sources */ = {isa = PBXBuildFile; fileRef = 5C8DBF59285B8BC50054B427 /* Assets.generated.swift */; };
		5C8DBF5C285B8BC50054B427 /* L10n.generated.swift in Sources */ = {isa = PBXBuildFile; fileRef = 5C8DBF5A285B8BC50054B427 /* L10n.generated.swift */; };
		5C8DBF8C285B91320054B427 /* GoogleService-Info.plist in Resources */ = {isa = PBXBuildFile; fileRef = 5C8DBF8B285B91320054B427 /* GoogleService-Info.plist */; };
		5CEA62B62912B04C00AB295A /* PaywallCraftCore in Frameworks */ = {isa = PBXBuildFile; productRef = 5CEA62B52912B04C00AB295A /* PaywallCraftCore */; };
		5CEA62B82912B04C00AB295A /* PaywallCraftResources in Frameworks */ = {isa = PBXBuildFile; productRef = 5CEA62B72912B04C00AB295A /* PaywallCraftResources */; };
		5CEA62BA2912B04C00AB295A /* PaywallCraftUI in Frameworks */ = {isa = PBXBuildFile; productRef = 5CEA62B92912B04C00AB295A /* PaywallCraftUI */; };
		5CFDEC3A2864999100F894BF /* OSLog.framework in Frameworks */ = {isa = PBXBuildFile; fileRef = 5CFDEC38286498FB00F894BF /* OSLog.framework */; settings = {ATTRIBUTES = (Weak, ); }; };
/* End PBXBuildFile section */

/* Begin PBXFileReference section */
		5C55FACC2864A96400F0B41C /* Integration.swift */ = {isa = PBXFileReference; lastKnownFileType = sourcecode.swift; path = Integration.swift; sourceTree = "<group>"; };
		5C7DD81B28622D2C0091AACF /* en */ = {isa = PBXFileReference; lastKnownFileType = text.plist.strings; name = en; path = en.lproj/Localizable.strings; sourceTree = "<group>"; };
		5C7DD81D28622D2C0091AACF /* en */ = {isa = PBXFileReference; lastKnownFileType = text.plist.strings; name = en; path = en.lproj/InfoPlist.strings; sourceTree = "<group>"; };
		5C7DD81E28622D2C0091AACF /* uk */ = {isa = PBXFileReference; lastKnownFileType = text.plist.strings; name = uk; path = uk.lproj/Localizable.strings; sourceTree = "<group>"; };
		5C7DD81F28622D2C0091AACF /* uk */ = {isa = PBXFileReference; lastKnownFileType = text.plist.strings; name = uk; path = uk.lproj/InfoPlist.strings; sourceTree = "<group>"; };
		5C7DD82028622D2C0091AACF /* es */ = {isa = PBXFileReference; lastKnownFileType = text.plist.strings; name = es; path = es.lproj/Localizable.strings; sourceTree = "<group>"; };
		5C7DD82128622D2C0091AACF /* es */ = {isa = PBXFileReference; lastKnownFileType = text.plist.strings; name = es; path = es.lproj/InfoPlist.strings; sourceTree = "<group>"; };
		5C7DD82228622D2C0091AACF /* pt-BR */ = {isa = PBXFileReference; lastKnownFileType = text.plist.strings; name = "pt-BR"; path = "pt-BR.lproj/Localizable.strings"; sourceTree = "<group>"; };
		5C7DD82328622D2C0091AACF /* pt-BR */ = {isa = PBXFileReference; lastKnownFileType = text.plist.strings; name = "pt-BR"; path = "pt-BR.lproj/InfoPlist.strings"; sourceTree = "<group>"; };
		5C7DD82428622D2C0091AACF /* ru */ = {isa = PBXFileReference; lastKnownFileType = text.plist.strings; name = ru; path = ru.lproj/Localizable.strings; sourceTree = "<group>"; };
		5C7DD82528622D2C0091AACF /* ru */ = {isa = PBXFileReference; lastKnownFileType = text.plist.strings; name = ru; path = ru.lproj/InfoPlist.strings; sourceTree = "<group>"; };
		5C7DD82628622D2C0091AACF /* fr */ = {isa = PBXFileReference; lastKnownFileType = text.plist.strings; name = fr; path = fr.lproj/Localizable.strings; sourceTree = "<group>"; };
		5C7DD82728622D2C0091AACF /* fr */ = {isa = PBXFileReference; lastKnownFileType = text.plist.strings; name = fr; path = fr.lproj/InfoPlist.strings; sourceTree = "<group>"; };
		5C7DD82828622D2C0091AACF /* pt-PT */ = {isa = PBXFileReference; lastKnownFileType = text.plist.strings; name = "pt-PT"; path = "pt-PT.lproj/Localizable.strings"; sourceTree = "<group>"; };
		5C7DD82928622D2C0091AACF /* pt-PT */ = {isa = PBXFileReference; lastKnownFileType = text.plist.strings; name = "pt-PT"; path = "pt-PT.lproj/InfoPlist.strings"; sourceTree = "<group>"; };
		5C8DBEB128511C210054B427 /* SubsTemplate.app */ = {isa = PBXFileReference; explicitFileType = wrapper.application; includeInIndex = 0; path = SubsTemplate.app; sourceTree = BUILT_PRODUCTS_DIR; };
		5C8DBEB428511C210054B427 /* AppDelegate.swift */ = {isa = PBXFileReference; lastKnownFileType = sourcecode.swift; path = AppDelegate.swift; sourceTree = "<group>"; };
		5C8DBEB628511C210054B427 /* SceneDelegate.swift */ = {isa = PBXFileReference; lastKnownFileType = sourcecode.swift; path = SceneDelegate.swift; sourceTree = "<group>"; };
		5C8DBEB828511C210054B427 /* MainScreen~VC.swift */ = {isa = PBXFileReference; lastKnownFileType = sourcecode.swift; path = "MainScreen~VC.swift"; sourceTree = "<group>"; };
		5C8DBEBD28511C240054B427 /* Assets.xcassets */ = {isa = PBXFileReference; lastKnownFileType = folder.assetcatalog; path = Assets.xcassets; sourceTree = "<group>"; };
		5C8DBEC028511C240054B427 /* Base */ = {isa = PBXFileReference; lastKnownFileType = file.storyboard; name = Base; path = Base.lproj/LaunchScreen.storyboard; sourceTree = "<group>"; };
		5C8DBEC228511C240054B427 /* Info.plist */ = {isa = PBXFileReference; lastKnownFileType = text.plist.xml; path = Info.plist; sourceTree = "<group>"; };
		5C8DBEFF2858F6910054B427 /* UIViewController~Extensions.swift */ = {isa = PBXFileReference; lastKnownFileType = sourcecode.swift; path = "UIViewController~Extensions.swift"; sourceTree = "<group>"; };
		5C8DBF232858FF460054B427 /* Globals.swift */ = {isa = PBXFileReference; fileEncoding = 4; lastKnownFileType = sourcecode.swift; path = Globals.swift; sourceTree = "<group>"; };
		5C8DBF47285A182A0054B427 /* UIService.swift */ = {isa = PBXFileReference; fileEncoding = 4; lastKnownFileType = sourcecode.swift; path = UIService.swift; sourceTree = "<group>"; };
		5C8DBF59285B8BC50054B427 /* Assets.generated.swift */ = {isa = PBXFileReference; fileEncoding = 4; lastKnownFileType = sourcecode.swift; path = Assets.generated.swift; sourceTree = "<group>"; };
		5C8DBF5A285B8BC50054B427 /* L10n.generated.swift */ = {isa = PBXFileReference; fileEncoding = 4; lastKnownFileType = sourcecode.swift; path = L10n.generated.swift; sourceTree = "<group>"; };
		5C8DBF8B285B91320054B427 /* GoogleService-Info.plist */ = {isa = PBXFileReference; fileEncoding = 4; lastKnownFileType = text.plist.xml; path = "GoogleService-Info.plist"; sourceTree = "<group>"; };
		5CFDEC38286498FB00F894BF /* OSLog.framework */ = {isa = PBXFileReference; lastKnownFileType = wrapper.framework; name = OSLog.framework; path = System/Library/Frameworks/OSLog.framework; sourceTree = SDKROOT; };
/* End PBXFileReference section */

/* Begin PBXFrameworksBuildPhase section */
		5C8DBEAE28511C210054B427 /* Frameworks */ = {
			isa = PBXFrameworksBuildPhase;
			buildActionMask = 2147483647;
			files = (
				5C22C4E92864F4770092D1FA /* PinLayout in Frameworks */,
				5CFDEC3A2864999100F894BF /* OSLog.framework in Frameworks */,
				5CEA62BA2912B04C00AB295A /* PaywallCraftUI in Frameworks */,
				5CEA62B82912B04C00AB295A /* PaywallCraftResources in Frameworks */,
				5CEA62B62912B04C00AB295A /* PaywallCraftCore in Frameworks */,
			);
			runOnlyForDeploymentPostprocessing = 0;
		};
/* End PBXFrameworksBuildPhase section */

/* Begin PBXGroup section */
		5C7DD81928622D2C0091AACF /* Localizations */ = {
			isa = PBXGroup;
			children = (
				5C7DD81A28622D2C0091AACF /* Localizable.strings */,
				5C7DD81C28622D2C0091AACF /* InfoPlist.strings */,
			);
			path = Localizations;
			sourceTree = SOURCE_ROOT;
		};
		5C8DBEA828511C210054B427 = {
			isa = PBXGroup;
			children = (
				5C8DBEB328511C210054B427 /* SubsTemplate */,
				5C8DBEB228511C210054B427 /* Products */,
				5CBA18112861DB7900E59348 /* Frameworks */,
			);
			sourceTree = "<group>";
		};
		5C8DBEB228511C210054B427 /* Products */ = {
			isa = PBXGroup;
			children = (
				5C8DBEB128511C210054B427 /* SubsTemplate.app */,
			);
			name = Products;
			sourceTree = "<group>";
		};
		5C8DBEB328511C210054B427 /* SubsTemplate */ = {
			isa = PBXGroup;
			children = (
				5C8DBF58285B8BC50054B427 /* Generated */,
				5C8DBEFE2858F6790054B427 /* Extensions */,
				5C8DBEED285215850054B427 /* Resources */,
				5C8DBF232858FF460054B427 /* Globals.swift */,
				5C8DBF47285A182A0054B427 /* UIService.swift */,
				5C8DBEB428511C210054B427 /* AppDelegate.swift */,
				5C55FACC2864A96400F0B41C /* Integration.swift */,
				5C8DBEB628511C210054B427 /* SceneDelegate.swift */,
				5C8DBEB828511C210054B427 /* MainScreen~VC.swift */,
			);
			path = SubsTemplate;
			sourceTree = "<group>";
		};
		5C8DBEED285215850054B427 /* Resources */ = {
			isa = PBXGroup;
			children = (
				5C7DD81928622D2C0091AACF /* Localizations */,
				5C8DBF8B285B91320054B427 /* GoogleService-Info.plist */,
				5C8DBEBD28511C240054B427 /* Assets.xcassets */,
				5C8DBEBF28511C240054B427 /* LaunchScreen.storyboard */,
				5C8DBEC228511C240054B427 /* Info.plist */,
			);
			path = Resources;
			sourceTree = "<group>";
		};
		5C8DBEFE2858F6790054B427 /* Extensions */ = {
			isa = PBXGroup;
			children = (
				5C8DBEFF2858F6910054B427 /* UIViewController~Extensions.swift */,
			);
			path = Extensions;
			sourceTree = "<group>";
		};
		5C8DBF58285B8BC50054B427 /* Generated */ = {
			isa = PBXGroup;
			children = (
				5C8DBF59285B8BC50054B427 /* Assets.generated.swift */,
				5C8DBF5A285B8BC50054B427 /* L10n.generated.swift */,
			);
			path = Generated;
			sourceTree = SOURCE_ROOT;
		};
		5CBA18112861DB7900E59348 /* Frameworks */ = {
			isa = PBXGroup;
			children = (
				5CFDEC38286498FB00F894BF /* OSLog.framework */,
			);
			name = Frameworks;
			sourceTree = "<group>";
		};
/* End PBXGroup section */

/* Begin PBXNativeTarget section */
		5C8DBEB028511C210054B427 /* SubsTemplate */ = {
			isa = PBXNativeTarget;
			buildConfigurationList = 5C8DBEC528511C240054B427 /* Build configuration list for PBXNativeTarget "SubsTemplate" */;
			buildPhases = (
				5C8DBEAD28511C210054B427 /* Sources */,
				5C8DBEAE28511C210054B427 /* Frameworks */,
				5C8DBEAF28511C210054B427 /* Resources */,
				5C8DBF95285BA08A0054B427 /* SwiftGen */,
			);
			buildRules = (
			);
			dependencies = (
			);
			name = SubsTemplate;
			packageProductDependencies = (
				5C22C4E82864F4770092D1FA /* PinLayout */,
				5CEA62B52912B04C00AB295A /* PaywallCraftCore */,
				5CEA62B72912B04C00AB295A /* PaywallCraftResources */,
				5CEA62B92912B04C00AB295A /* PaywallCraftUI */,
			);
			productName = SubsTemplate;
			productReference = 5C8DBEB128511C210054B427 /* SubsTemplate.app */;
			productType = "com.apple.product-type.application";
		};
/* End PBXNativeTarget section */

/* Begin PBXProject section */
		5C8DBEA928511C210054B427 /* Project object */ = {
			isa = PBXProject;
			attributes = {
				BuildIndependentTargetsInParallel = 1;
				LastSwiftUpdateCheck = 1330;
				LastUpgradeCheck = 1330;
				TargetAttributes = {
					5C8DBEB028511C210054B427 = {
						CreatedOnToolsVersion = 13.3;
						LastSwiftMigration = 1330;
					};
				};
			};
			buildConfigurationList = 5C8DBEAC28511C210054B427 /* Build configuration list for PBXProject "SubsTemplate" */;
			compatibilityVersion = "Xcode 13.0";
			developmentRegion = en;
			hasScannedForEncodings = 0;
			knownRegions = (
				en,
				Base,
				uk,
				es,
				"pt-BR",
				ru,
				fr,
				"pt-PT",
			);
			mainGroup = 5C8DBEA828511C210054B427;
			packageReferences = (
				5C22C4E72864F4770092D1FA /* XCRemoteSwiftPackageReference "PinLayout" */,
				5CEA62B42912B04C00AB295A /* XCRemoteSwiftPackageReference "PaywallCraft" */,
			);
			productRefGroup = 5C8DBEB228511C210054B427 /* Products */;
			projectDirPath = "";
			projectRoot = "";
			targets = (
				5C8DBEB028511C210054B427 /* SubsTemplate */,
			);
		};
/* End PBXProject section */

/* Begin PBXResourcesBuildPhase section */
		5C8DBEAF28511C210054B427 /* Resources */ = {
			isa = PBXResourcesBuildPhase;
			buildActionMask = 2147483647;
			files = (
				5C8DBEC128511C240054B427 /* LaunchScreen.storyboard in Resources */,
				5C7DD82A28622D2C0091AACF /* Localizable.strings in Resources */,
				5C8DBF8C285B91320054B427 /* GoogleService-Info.plist in Resources */,
				5C8DBEBE28511C240054B427 /* Assets.xcassets in Resources */,
				5C7DD82B28622D2C0091AACF /* InfoPlist.strings in Resources */,
			);
			runOnlyForDeploymentPostprocessing = 0;
		};
/* End PBXResourcesBuildPhase section */

/* Begin PBXShellScriptBuildPhase section */
		5C8DBF95285BA08A0054B427 /* SwiftGen */ = {
			isa = PBXShellScriptBuildPhase;
			alwaysOutOfDate = 1;
			buildActionMask = 2147483647;
			files = (
			);
			inputFileListPaths = (
			);
			inputPaths = (
			);
			name = SwiftGen;
			outputFileListPaths = (
			);
			outputPaths = (
			);
			runOnlyForDeploymentPostprocessing = 0;
			shellPath = /bin/sh;
			shellScript = "#if which swiftgen >/dev/null; then\n#    swiftgen config run --config $SRCROOT/SwiftGen/.swiftgen.yml\n#else\n#    echo \"warning: SwiftGen not installed\"\n#fi\n";
		};
/* End PBXShellScriptBuildPhase section */

/* Begin PBXSourcesBuildPhase section */
		5C8DBEAD28511C210054B427 /* Sources */ = {
			isa = PBXSourcesBuildPhase;
			buildActionMask = 2147483647;
			files = (
				5C8DBEB928511C210054B427 /* MainScreen~VC.swift in Sources */,
				5C8DBEB528511C210054B427 /* AppDelegate.swift in Sources */,
				5C8DBF48285A182A0054B427 /* UIService.swift in Sources */,
				5C8DBF5B285B8BC50054B427 /* Assets.generated.swift in Sources */,
				5C8DBF5C285B8BC50054B427 /* L10n.generated.swift in Sources */,
				5C8DBF002858F6910054B427 /* UIViewController~Extensions.swift in Sources */,
				5C55FACD2864A96400F0B41C /* Integration.swift in Sources */,
				5C8DBF242858FF460054B427 /* Globals.swift in Sources */,
				5C8DBEB728511C210054B427 /* SceneDelegate.swift in Sources */,
			);
			runOnlyForDeploymentPostprocessing = 0;
		};
/* End PBXSourcesBuildPhase section */

/* Begin PBXVariantGroup section */
		5C7DD81A28622D2C0091AACF /* Localizable.strings */ = {
			isa = PBXVariantGroup;
			children = (
				5C7DD81B28622D2C0091AACF /* en */,
				5C7DD81E28622D2C0091AACF /* uk */,
				5C7DD82028622D2C0091AACF /* es */,
				5C7DD82228622D2C0091AACF /* pt-BR */,
				5C7DD82428622D2C0091AACF /* ru */,
				5C7DD82628622D2C0091AACF /* fr */,
				5C7DD82828622D2C0091AACF /* pt-PT */,
			);
			name = Localizable.strings;
			sourceTree = "<group>";
		};
		5C7DD81C28622D2C0091AACF /* InfoPlist.strings */ = {
			isa = PBXVariantGroup;
			children = (
				5C7DD81D28622D2C0091AACF /* en */,
				5C7DD81F28622D2C0091AACF /* uk */,
				5C7DD82128622D2C0091AACF /* es */,
				5C7DD82328622D2C0091AACF /* pt-BR */,
				5C7DD82528622D2C0091AACF /* ru */,
				5C7DD82728622D2C0091AACF /* fr */,
				5C7DD82928622D2C0091AACF /* pt-PT */,
			);
			name = InfoPlist.strings;
			sourceTree = "<group>";
		};
		5C8DBEBF28511C240054B427 /* LaunchScreen.storyboard */ = {
			isa = PBXVariantGroup;
			children = (
				5C8DBEC028511C240054B427 /* Base */,
			);
			name = LaunchScreen.storyboard;
			sourceTree = "<group>";
		};
/* End PBXVariantGroup section */

/* Begin XCBuildConfiguration section */
		5C8DBEC328511C240054B427 /* Debug */ = {
			isa = XCBuildConfiguration;
			buildSettings = {
				ALWAYS_SEARCH_USER_PATHS = NO;
				BUILD_NUMBER = 1;
				CLANG_ANALYZER_NONNULL = YES;
				CLANG_ANALYZER_NUMBER_OBJECT_CONVERSION = YES_AGGRESSIVE;
				CLANG_CXX_LANGUAGE_STANDARD = "gnu++17";
				CLANG_ENABLE_MODULES = YES;
				CLANG_ENABLE_OBJC_ARC = YES;
				CLANG_ENABLE_OBJC_WEAK = YES;
				CLANG_WARN_BLOCK_CAPTURE_AUTORELEASING = YES;
				CLANG_WARN_BOOL_CONVERSION = YES;
				CLANG_WARN_COMMA = YES;
				CLANG_WARN_CONSTANT_CONVERSION = YES;
				CLANG_WARN_DEPRECATED_OBJC_IMPLEMENTATIONS = YES;
				CLANG_WARN_DIRECT_OBJC_ISA_USAGE = YES_ERROR;
				CLANG_WARN_DOCUMENTATION_COMMENTS = YES;
				CLANG_WARN_EMPTY_BODY = YES;
				CLANG_WARN_ENUM_CONVERSION = YES;
				CLANG_WARN_INFINITE_RECURSION = YES;
				CLANG_WARN_INT_CONVERSION = YES;
				CLANG_WARN_NON_LITERAL_NULL_CONVERSION = YES;
				CLANG_WARN_OBJC_IMPLICIT_RETAIN_SELF = YES;
				CLANG_WARN_OBJC_LITERAL_CONVERSION = YES;
				CLANG_WARN_OBJC_ROOT_CLASS = YES_ERROR;
				CLANG_WARN_QUOTED_INCLUDE_IN_FRAMEWORK_HEADER = YES;
				CLANG_WARN_RANGE_LOOP_ANALYSIS = YES;
				CLANG_WARN_STRICT_PROTOTYPES = YES;
				CLANG_WARN_SUSPICIOUS_MOVE = YES;
				CLANG_WARN_UNGUARDED_AVAILABILITY = YES_AGGRESSIVE;
				CLANG_WARN_UNREACHABLE_CODE = YES;
				CLANG_WARN__DUPLICATE_METHOD_MATCH = YES;
				COPY_PHASE_STRIP = NO;
				DEBUG_INFORMATION_FORMAT = dwarf;
				ENABLE_BITCODE = NO;
				ENABLE_STRICT_OBJC_MSGSEND = YES;
				ENABLE_TESTABILITY = YES;
				GCC_C_LANGUAGE_STANDARD = gnu11;
				GCC_DYNAMIC_NO_PIC = NO;
				GCC_NO_COMMON_BLOCKS = YES;
				GCC_OPTIMIZATION_LEVEL = 0;
				GCC_PREPROCESSOR_DEFINITIONS = (
					"DEBUG=1",
					"$(inherited)",
				);
				GCC_WARN_64_TO_32_BIT_CONVERSION = YES;
				GCC_WARN_ABOUT_RETURN_TYPE = YES_ERROR;
				GCC_WARN_UNDECLARED_SELECTOR = YES;
				GCC_WARN_UNINITIALIZED_AUTOS = YES_AGGRESSIVE;
				GCC_WARN_UNUSED_FUNCTION = YES;
				GCC_WARN_UNUSED_VARIABLE = YES;
				IPHONEOS_DEPLOYMENT_TARGET = 13.0;
				MTL_ENABLE_DEBUG_INFO = INCLUDE_SOURCE;
				MTL_FAST_MATH = YES;
				ONLY_ACTIVE_ARCH = YES;
				OTHER_SWIFT_FLAGS = "-D DEBUG";
				SDKROOT = iphoneos;
				SWIFT_ACTIVE_COMPILATION_CONDITIONS = DEBUG;
				SWIFT_OPTIMIZATION_LEVEL = "-Onone";
				VERSION_NUMBER = 1.0;
			};
			name = Debug;
		};
		5C8DBEC428511C240054B427 /* Release */ = {
			isa = XCBuildConfiguration;
			buildSettings = {
				ALWAYS_SEARCH_USER_PATHS = NO;
				BUILD_NUMBER = 1;
				CLANG_ANALYZER_NONNULL = YES;
				CLANG_ANALYZER_NUMBER_OBJECT_CONVERSION = YES_AGGRESSIVE;
				CLANG_CXX_LANGUAGE_STANDARD = "gnu++17";
				CLANG_ENABLE_MODULES = YES;
				CLANG_ENABLE_OBJC_ARC = YES;
				CLANG_ENABLE_OBJC_WEAK = YES;
				CLANG_WARN_BLOCK_CAPTURE_AUTORELEASING = YES;
				CLANG_WARN_BOOL_CONVERSION = YES;
				CLANG_WARN_COMMA = YES;
				CLANG_WARN_CONSTANT_CONVERSION = YES;
				CLANG_WARN_DEPRECATED_OBJC_IMPLEMENTATIONS = YES;
				CLANG_WARN_DIRECT_OBJC_ISA_USAGE = YES_ERROR;
				CLANG_WARN_DOCUMENTATION_COMMENTS = YES;
				CLANG_WARN_EMPTY_BODY = YES;
				CLANG_WARN_ENUM_CONVERSION = YES;
				CLANG_WARN_INFINITE_RECURSION = YES;
				CLANG_WARN_INT_CONVERSION = YES;
				CLANG_WARN_NON_LITERAL_NULL_CONVERSION = YES;
				CLANG_WARN_OBJC_IMPLICIT_RETAIN_SELF = YES;
				CLANG_WARN_OBJC_LITERAL_CONVERSION = YES;
				CLANG_WARN_OBJC_ROOT_CLASS = YES_ERROR;
				CLANG_WARN_QUOTED_INCLUDE_IN_FRAMEWORK_HEADER = YES;
				CLANG_WARN_RANGE_LOOP_ANALYSIS = YES;
				CLANG_WARN_STRICT_PROTOTYPES = YES;
				CLANG_WARN_SUSPICIOUS_MOVE = YES;
				CLANG_WARN_UNGUARDED_AVAILABILITY = YES_AGGRESSIVE;
				CLANG_WARN_UNREACHABLE_CODE = YES;
				CLANG_WARN__DUPLICATE_METHOD_MATCH = YES;
				COPY_PHASE_STRIP = NO;
				DEBUG_INFORMATION_FORMAT = "dwarf-with-dsym";
				ENABLE_BITCODE = NO;
				ENABLE_NS_ASSERTIONS = NO;
				ENABLE_STRICT_OBJC_MSGSEND = YES;
				GCC_C_LANGUAGE_STANDARD = gnu11;
				GCC_NO_COMMON_BLOCKS = YES;
				GCC_WARN_64_TO_32_BIT_CONVERSION = YES;
				GCC_WARN_ABOUT_RETURN_TYPE = YES_ERROR;
				GCC_WARN_UNDECLARED_SELECTOR = YES;
				GCC_WARN_UNINITIALIZED_AUTOS = YES_AGGRESSIVE;
				GCC_WARN_UNUSED_FUNCTION = YES;
				GCC_WARN_UNUSED_VARIABLE = YES;
				IPHONEOS_DEPLOYMENT_TARGET = 13.0;
				MTL_ENABLE_DEBUG_INFO = NO;
				MTL_FAST_MATH = YES;
				OTHER_SWIFT_FLAGS = "-D RELEASE";
				SDKROOT = iphoneos;
				SWIFT_ACTIVE_COMPILATION_CONDITIONS = RELEASE;
				SWIFT_COMPILATION_MODE = wholemodule;
				SWIFT_OPTIMIZATION_LEVEL = "-O";
				VALIDATE_PRODUCT = YES;
				VERSION_NUMBER = 1.0;
			};
			name = Release;
		};
		5C8DBEC628511C240054B427 /* Debug */ = {
			isa = XCBuildConfiguration;
			buildSettings = {
				ASSETCATALOG_COMPILER_APPICON_NAME = AppIcon;
				ASSETCATALOG_COMPILER_GLOBAL_ACCENT_COLOR_NAME = AccentColor;
				CLANG_ENABLE_MODULES = YES;
				CODE_SIGN_IDENTITY = "iPhone Developer";
				CODE_SIGN_STYLE = Manual;
				CURRENT_PROJECT_VERSION = $BUILD_NUMBER;
				DEVELOPMENT_TEAM = VZDA4522ZH;
				GENERATE_INFOPLIST_FILE = YES;
				INFOPLIST_FILE = SubsTemplate/Resources/Info.plist;
				INFOPLIST_KEY_UIApplicationSupportsIndirectInputEvents = YES;
				INFOPLIST_KEY_UILaunchStoryboardName = LaunchScreen;
				INFOPLIST_KEY_UISupportedInterfaceOrientations_iPad = "UIInterfaceOrientationPortrait UIInterfaceOrientationPortraitUpsideDown UIInterfaceOrientationLandscapeLeft UIInterfaceOrientationLandscapeRight";
				INFOPLIST_KEY_UISupportedInterfaceOrientations_iPhone = "UIInterfaceOrientationPortrait UIInterfaceOrientationLandscapeLeft UIInterfaceOrientationLandscapeRight";
				LD_RUNPATH_SEARCH_PATHS = (
					"$(inherited)",
					"@executable_path/Frameworks",
				);
				MARKETING_VERSION = $VERSION_NUMBER;
				PRODUCT_BUNDLE_IDENTIFIER = com.appstea.proto;
				PRODUCT_NAME = "$(TARGET_NAME)";
				PROVISIONING_PROFILE_SPECIFIER = "match Development com.appstea.proto";
				SWIFT_EMIT_LOC_STRINGS = YES;
				SWIFT_OPTIMIZATION_LEVEL = "-Onone";
				SWIFT_VERSION = 5.0;
				TARGETED_DEVICE_FAMILY = "1,2";
			};
			name = Debug;
		};
		5C8DBEC728511C240054B427 /* Release */ = {
			isa = XCBuildConfiguration;
			buildSettings = {
				ASSETCATALOG_COMPILER_APPICON_NAME = AppIcon;
				ASSETCATALOG_COMPILER_GLOBAL_ACCENT_COLOR_NAME = AccentColor;
				CLANG_ENABLE_MODULES = YES;
				CODE_SIGN_IDENTITY = "iPhone Distribution";
				CODE_SIGN_STYLE = Manual;
				CURRENT_PROJECT_VERSION = $BUILD_NUMBER;
				DEVELOPMENT_TEAM = VZDA4522ZH;
				GENERATE_INFOPLIST_FILE = YES;
				INFOPLIST_FILE = SubsTemplate/Resources/Info.plist;
				INFOPLIST_KEY_UIApplicationSupportsIndirectInputEvents = YES;
				INFOPLIST_KEY_UILaunchStoryboardName = LaunchScreen;
				INFOPLIST_KEY_UISupportedInterfaceOrientations_iPad = "UIInterfaceOrientationPortrait UIInterfaceOrientationPortraitUpsideDown UIInterfaceOrientationLandscapeLeft UIInterfaceOrientationLandscapeRight";
				INFOPLIST_KEY_UISupportedInterfaceOrientations_iPhone = "UIInterfaceOrientationPortrait UIInterfaceOrientationLandscapeLeft UIInterfaceOrientationLandscapeRight";
				LD_RUNPATH_SEARCH_PATHS = (
					"$(inherited)",
					"@executable_path/Frameworks",
				);
				MARKETING_VERSION = $VERSION_NUMBER;
				PRODUCT_BUNDLE_IDENTIFIER = com.appstea.proto;
				PRODUCT_NAME = "$(TARGET_NAME)";
				PROVISIONING_PROFILE_SPECIFIER = "match AdHoc com.appstea.proto";
				SWIFT_EMIT_LOC_STRINGS = YES;
				SWIFT_VERSION = 5.0;
				TARGETED_DEVICE_FAMILY = "1,2";
			};
			name = Release;
		};
		5C8DBFB0285CE54E0054B427 /* AdHoc */ = {
			isa = XCBuildConfiguration;
			buildSettings = {
				ALWAYS_SEARCH_USER_PATHS = NO;
				BUILD_NUMBER = 1;
				CLANG_ANALYZER_NONNULL = YES;
				CLANG_ANALYZER_NUMBER_OBJECT_CONVERSION = YES_AGGRESSIVE;
				CLANG_CXX_LANGUAGE_STANDARD = "gnu++17";
				CLANG_ENABLE_MODULES = YES;
				CLANG_ENABLE_OBJC_ARC = YES;
				CLANG_ENABLE_OBJC_WEAK = YES;
				CLANG_WARN_BLOCK_CAPTURE_AUTORELEASING = YES;
				CLANG_WARN_BOOL_CONVERSION = YES;
				CLANG_WARN_COMMA = YES;
				CLANG_WARN_CONSTANT_CONVERSION = YES;
				CLANG_WARN_DEPRECATED_OBJC_IMPLEMENTATIONS = YES;
				CLANG_WARN_DIRECT_OBJC_ISA_USAGE = YES_ERROR;
				CLANG_WARN_DOCUMENTATION_COMMENTS = YES;
				CLANG_WARN_EMPTY_BODY = YES;
				CLANG_WARN_ENUM_CONVERSION = YES;
				CLANG_WARN_INFINITE_RECURSION = YES;
				CLANG_WARN_INT_CONVERSION = YES;
				CLANG_WARN_NON_LITERAL_NULL_CONVERSION = YES;
				CLANG_WARN_OBJC_IMPLICIT_RETAIN_SELF = YES;
				CLANG_WARN_OBJC_LITERAL_CONVERSION = YES;
				CLANG_WARN_OBJC_ROOT_CLASS = YES_ERROR;
				CLANG_WARN_QUOTED_INCLUDE_IN_FRAMEWORK_HEADER = YES;
				CLANG_WARN_RANGE_LOOP_ANALYSIS = YES;
				CLANG_WARN_STRICT_PROTOTYPES = YES;
				CLANG_WARN_SUSPICIOUS_MOVE = YES;
				CLANG_WARN_UNGUARDED_AVAILABILITY = YES_AGGRESSIVE;
				CLANG_WARN_UNREACHABLE_CODE = YES;
				CLANG_WARN__DUPLICATE_METHOD_MATCH = YES;
				COPY_PHASE_STRIP = NO;
				DEBUG_INFORMATION_FORMAT = "dwarf-with-dsym";
				ENABLE_BITCODE = NO;
				ENABLE_NS_ASSERTIONS = NO;
				ENABLE_STRICT_OBJC_MSGSEND = YES;
				GCC_C_LANGUAGE_STANDARD = gnu11;
				GCC_NO_COMMON_BLOCKS = YES;
				GCC_WARN_64_TO_32_BIT_CONVERSION = YES;
				GCC_WARN_ABOUT_RETURN_TYPE = YES_ERROR;
				GCC_WARN_UNDECLARED_SELECTOR = YES;
				GCC_WARN_UNINITIALIZED_AUTOS = YES_AGGRESSIVE;
				GCC_WARN_UNUSED_FUNCTION = YES;
				GCC_WARN_UNUSED_VARIABLE = YES;
				IPHONEOS_DEPLOYMENT_TARGET = 13.0;
				MTL_ENABLE_DEBUG_INFO = NO;
				MTL_FAST_MATH = YES;
				OTHER_SWIFT_FLAGS = "-D DEBUG -D ADHOC";
				SDKROOT = iphoneos;
				SWIFT_ACTIVE_COMPILATION_CONDITIONS = "ADHOC DEBUG";
				SWIFT_COMPILATION_MODE = wholemodule;
				SWIFT_OPTIMIZATION_LEVEL = "-O";
				VALIDATE_PRODUCT = YES;
				VERSION_NUMBER = 1.0;
			};
			name = AdHoc;
		};
		5C8DBFB1285CE54E0054B427 /* AdHoc */ = {
			isa = XCBuildConfiguration;
			buildSettings = {
				ASSETCATALOG_COMPILER_APPICON_NAME = AppIcon;
				ASSETCATALOG_COMPILER_GLOBAL_ACCENT_COLOR_NAME = AccentColor;
				CLANG_ENABLE_MODULES = YES;
				CODE_SIGN_IDENTITY = "iPhone Distribution";
				CODE_SIGN_STYLE = Manual;
				CURRENT_PROJECT_VERSION = $BUILD_NUMBER;
				DEVELOPMENT_TEAM = VZDA4522ZH;
				GENERATE_INFOPLIST_FILE = YES;
				INFOPLIST_FILE = SubsTemplate/Resources/Info.plist;
				INFOPLIST_KEY_UIApplicationSupportsIndirectInputEvents = YES;
				INFOPLIST_KEY_UILaunchStoryboardName = LaunchScreen;
				INFOPLIST_KEY_UISupportedInterfaceOrientations_iPad = "UIInterfaceOrientationPortrait UIInterfaceOrientationPortraitUpsideDown UIInterfaceOrientationLandscapeLeft UIInterfaceOrientationLandscapeRight";
				INFOPLIST_KEY_UISupportedInterfaceOrientations_iPhone = "UIInterfaceOrientationPortrait UIInterfaceOrientationLandscapeLeft UIInterfaceOrientationLandscapeRight";
				LD_RUNPATH_SEARCH_PATHS = (
					"$(inherited)",
					"@executable_path/Frameworks",
				);
				MARKETING_VERSION = $VERSION_NUMBER;
				PRODUCT_BUNDLE_IDENTIFIER = com.appstea.proto;
				PRODUCT_NAME = "$(TARGET_NAME)";
				PROVISIONING_PROFILE_SPECIFIER = "match AdHoc com.appstea.proto";
				SWIFT_EMIT_LOC_STRINGS = YES;
				SWIFT_VERSION = 5.0;
				TARGETED_DEVICE_FAMILY = "1,2";
			};
			name = AdHoc;
		};
/* End XCBuildConfiguration section */

/* Begin XCConfigurationList section */
		5C8DBEAC28511C210054B427 /* Build configuration list for PBXProject "SubsTemplate" */ = {
			isa = XCConfigurationList;
			buildConfigurations = (
				5C8DBEC328511C240054B427 /* Debug */,
				5C8DBEC428511C240054B427 /* Release */,
				5C8DBFB0285CE54E0054B427 /* AdHoc */,
			);
			defaultConfigurationIsVisible = 0;
			defaultConfigurationName = Release;
		};
		5C8DBEC528511C240054B427 /* Build configuration list for PBXNativeTarget "SubsTemplate" */ = {
			isa = XCConfigurationList;
			buildConfigurations = (
				5C8DBEC628511C240054B427 /* Debug */,
				5C8DBEC728511C240054B427 /* Release */,
				5C8DBFB1285CE54E0054B427 /* AdHoc */,
			);
			defaultConfigurationIsVisible = 0;
			defaultConfigurationName = Release;
		};
/* End XCConfigurationList section */

/* Begin XCRemoteSwiftPackageReference section */
		5C22C4E72864F4770092D1FA /* XCRemoteSwiftPackageReference "PinLayout" */ = {
			isa = XCRemoteSwiftPackageReference;
			repositoryURL = "https://github.com/layoutBox/PinLayout";
			requirement = {
				kind = upToNextMajorVersion;
				minimumVersion = 1.0.0;
			};
		};
		5CEA62B42912B04C00AB295A /* XCRemoteSwiftPackageReference "PaywallCraft" */ = {
			isa = XCRemoteSwiftPackageReference;
			repositoryURL = "git@github.com:appstea/PaywallCraft.git";
			requirement = {
				branch = master;
				kind = branch;
			};
		};
/* End XCRemoteSwiftPackageReference section */

/* Begin XCSwiftPackageProductDependency section */
		5C22C4E82864F4770092D1FA /* PinLayout */ = {
			isa = XCSwiftPackageProductDependency;
			package = 5C22C4E72864F4770092D1FA /* XCRemoteSwiftPackageReference "PinLayout" */;
			productName = PinLayout;
		};
		5CEA62B52912B04C00AB295A /* PaywallCraftCore */ = {
			isa = XCSwiftPackageProductDependency;
			package = 5CEA62B42912B04C00AB295A /* XCRemoteSwiftPackageReference "PaywallCraft" */;
			productName = PaywallCraftCore;
		};
		5CEA62B72912B04C00AB295A /* PaywallCraftResources */ = {
			isa = XCSwiftPackageProductDependency;
			package = 5CEA62B42912B04C00AB295A /* XCRemoteSwiftPackageReference "PaywallCraft" */;
			productName = PaywallCraftResources;
		};
		5CEA62B92912B04C00AB295A /* PaywallCraftUI */ = {
			isa = XCSwiftPackageProductDependency;
			package = 5CEA62B42912B04C00AB295A /* XCRemoteSwiftPackageReference "PaywallCraft" */;
			productName = PaywallCraftUI;
		};
/* End XCSwiftPackageProductDependency section */
	};
	rootObject = 5C8DBEA928511C210054B427 /* Project object */;
}
