// !$*UTF8*$!
{
	archiveVersion = 1;
	classes = {
	};
	objectVersion = 55;
	objects = {

/* Begin PBXBuildFile section */
		5C8DBEB528511C210054B427 /* AppDelegate.swift in Sources */ = {isa = PBXBuildFile; fileRef = 5C8DBEB428511C210054B427 /* AppDelegate.swift */; };
		5C8DBEB728511C210054B427 /* SceneDelegate.swift in Sources */ = {isa = PBXBuildFile; fileRef = 5C8DBEB628511C210054B427 /* SceneDelegate.swift */; };
		5C8DBEB928511C210054B427 /* MainScreen~VC.swift in Sources */ = {isa = PBXBuildFile; fileRef = 5C8DBEB828511C210054B427 /* MainScreen~VC.swift */; };
		5C8DBEBE28511C240054B427 /* Assets.xcassets in Resources */ = {isa = PBXBuildFile; fileRef = 5C8DBEBD28511C240054B427 /* Assets.xcassets */; };
		5C8DBEC128511C240054B427 /* LaunchScreen.storyboard in Resources */ = {isa = PBXBuildFile; fileRef = 5C8DBEBF28511C240054B427 /* LaunchScreen.storyboard */; };
		5C8DBECA28511D8B0054B427 /* Branch in Frameworks */ = {isa = PBXBuildFile; productRef = 5C8DBEC928511D8B0054B427 /* Branch */; };
		5C8DBED028511FC40054B427 /* FirebaseAnalytics in Frameworks */ = {isa = PBXBuildFile; productRef = 5C8DBECF28511FC40054B427 /* FirebaseAnalytics */; };
		5C8DBED228511FC40054B427 /* FirebaseMessaging in Frameworks */ = {isa = PBXBuildFile; productRef = 5C8DBED128511FC40054B427 /* FirebaseMessaging */; };
		5C8DBED5285120CF0054B427 /* RevenueCat in Frameworks */ = {isa = PBXBuildFile; productRef = 5C8DBED4285120CF0054B427 /* RevenueCat */; };
		5C8DBED82852078D0054B427 /* StackCraft in Frameworks */ = {isa = PBXBuildFile; productRef = 5C8DBED72852078D0054B427 /* StackCraft */; };
		5C8DBEDA285208850054B427 /* BannerView~Default.swift in Sources */ = {isa = PBXBuildFile; fileRef = 5C8DBED9285208850054B427 /* BannerView~Default.swift */; };
		5C8DBEDC285208970054B427 /* BannerView.swift in Sources */ = {isa = PBXBuildFile; fileRef = 5C8DBEDB285208970054B427 /* BannerView.swift */; };
		5C8DBEE1285213A70054B427 /* Base~View.swift in Sources */ = {isa = PBXBuildFile; fileRef = 5C8DBEE0285213A70054B427 /* Base~View.swift */; };
		5C8DBEE3285214220054B427 /* Base.swift in Sources */ = {isa = PBXBuildFile; fileRef = 5C8DBEE2285214220054B427 /* Base.swift */; };
		5C8DBEE5285214430054B427 /* Base~ImageView.swift in Sources */ = {isa = PBXBuildFile; fileRef = 5C8DBEE4285214430054B427 /* Base~ImageView.swift */; };
		5C8DBEE7285214440054B427 /* Base~Control.swift in Sources */ = {isa = PBXBuildFile; fileRef = 5C8DBEE6285214440054B427 /* Base~Control.swift */; };
		5C8DBEE9285214480054B427 /* Base~Button.swift in Sources */ = {isa = PBXBuildFile; fileRef = 5C8DBEE8285214480054B427 /* Base~Button.swift */; };
		5C8DBEEB285214960054B427 /* Base~ViewController.swift in Sources */ = {isa = PBXBuildFile; fileRef = 5C8DBEEA285214960054B427 /* Base~ViewController.swift */; };
		5C8DBEEF285215FA0054B427 /* Permissions~VC.swift in Sources */ = {isa = PBXBuildFile; fileRef = 5C8DBEEE285215FA0054B427 /* Permissions~VC.swift */; };
		5C8DBEF1285217950054B427 /* Subs~VC.swift in Sources */ = {isa = PBXBuildFile; fileRef = 5C8DBEF0285217950054B427 /* Subs~VC.swift */; };
		5C8DBEF428521C110054B427 /* Common.swift in Sources */ = {isa = PBXBuildFile; fileRef = 5C8DBEF328521C110054B427 /* Common.swift */; };
		5C8DBEF628521C260054B427 /* Common~GradientView.swift in Sources */ = {isa = PBXBuildFile; fileRef = 5C8DBEF528521C260054B427 /* Common~GradientView.swift */; };
		5C8DBEF828521EE40054B427 /* Stored.swift in Sources */ = {isa = PBXBuildFile; fileRef = 5C8DBEF728521EE40054B427 /* Stored.swift */; };
		5C8DBF002858F6910054B427 /* UIViewController~Extensions.swift in Sources */ = {isa = PBXBuildFile; fileRef = 5C8DBEFF2858F6910054B427 /* UIViewController~Extensions.swift */; };
		5C8DBF022858F7130054B427 /* UIView~Extensions.swift in Sources */ = {isa = PBXBuildFile; fileRef = 5C8DBF012858F7130054B427 /* UIView~Extensions.swift */; };
		5C8DBF052858FB000054B427 /* BranchService.swift in Sources */ = {isa = PBXBuildFile; fileRef = 5C8DBF042858FB000054B427 /* BranchService.swift */; };
		5C8DBF072858FBDF0054B427 /* FirebaseService.swift in Sources */ = {isa = PBXBuildFile; fileRef = 5C8DBF062858FBDF0054B427 /* FirebaseService.swift */; };
		5C8DBF172858FC0D0054B427 /* Analytics~Service.swift in Sources */ = {isa = PBXBuildFile; fileRef = 5C8DBF092858FC0D0054B427 /* Analytics~Service.swift */; };
		5C8DBF182858FC0D0054B427 /* Analytics~Event.swift in Sources */ = {isa = PBXBuildFile; fileRef = 5C8DBF0B2858FC0D0054B427 /* Analytics~Event.swift */; };
		5C8DBF192858FC0D0054B427 /* Analytics~SubsEvent.swift in Sources */ = {isa = PBXBuildFile; fileRef = 5C8DBF0C2858FC0D0054B427 /* Analytics~SubsEvent.swift */; };
		5C8DBF1D2858FC0D0054B427 /* Analytics~Logger.swift in Sources */ = {isa = PBXBuildFile; fileRef = 5C8DBF102858FC0D0054B427 /* Analytics~Logger.swift */; };
		5C8DBF1E2858FC0D0054B427 /* Analytics~LaunchItem.swift in Sources */ = {isa = PBXBuildFile; fileRef = 5C8DBF112858FC0D0054B427 /* Analytics~LaunchItem.swift */; };
		5C8DBF1F2858FC0D0054B427 /* Analytics~BranchEvent.swift in Sources */ = {isa = PBXBuildFile; fileRef = 5C8DBF132858FC0D0054B427 /* Analytics~BranchEvent.swift */; };
		5C8DBF212858FC0D0054B427 /* Analytics~FIREvent.swift in Sources */ = {isa = PBXBuildFile; fileRef = 5C8DBF152858FC0D0054B427 /* Analytics~FIREvent.swift */; };
		5C8DBF222858FC0D0054B427 /* Analytics~OSLog.swift in Sources */ = {isa = PBXBuildFile; fileRef = 5C8DBF162858FC0D0054B427 /* Analytics~OSLog.swift */; };
		5C8DBF242858FF460054B427 /* Utils.swift in Sources */ = {isa = PBXBuildFile; fileRef = 5C8DBF232858FF460054B427 /* Utils.swift */; };
		5C8DBF272859003A0054B427 /* UITypes.swift in Sources */ = {isa = PBXBuildFile; fileRef = 5C8DBF262859003A0054B427 /* UITypes.swift */; };
		5C8DBF292859012E0054B427 /* NotificationsService.swift in Sources */ = {isa = PBXBuildFile; fileRef = 5C8DBF282859012E0054B427 /* NotificationsService.swift */; };
		5C8DBF2B285902720054B427 /* Subs.swift in Sources */ = {isa = PBXBuildFile; fileRef = 5C8DBF2A285902720054B427 /* Subs.swift */; };
		5C8DBF2D285902870054B427 /* Session~Service.swift in Sources */ = {isa = PBXBuildFile; fileRef = 5C8DBF2C285902870054B427 /* Session~Service.swift */; };
		5C8DBF30285902FC0054B427 /* Subs~Service.swift in Sources */ = {isa = PBXBuildFile; fileRef = 5C8DBF2F285902FC0054B427 /* Subs~Service.swift */; };
		5C8DBF3228590ED90054B427 /* Error.swift in Sources */ = {isa = PBXBuildFile; fileRef = 5C8DBF3128590ED90054B427 /* Error.swift */; };
		5C8DBF3528591E090054B427 /* Notifications.swift in Sources */ = {isa = PBXBuildFile; fileRef = 5C8DBF3428591E090054B427 /* Notifications.swift */; };
		5C8DBF3728591E2B0054B427 /* Callbacks.swift in Sources */ = {isa = PBXBuildFile; fileRef = 5C8DBF3628591E2B0054B427 /* Callbacks.swift */; };
		5C8DBF3928591E4A0054B427 /* DeinitObserver.swift in Sources */ = {isa = PBXBuildFile; fileRef = 5C8DBF3828591E4A0054B427 /* DeinitObserver.swift */; };
		5C8DBF3F2859204C0054B427 /* AppDelegate~Proxy.m in Sources */ = {isa = PBXBuildFile; fileRef = 5C8DBF3E2859204C0054B427 /* AppDelegate~Proxy.m */; };
		5C8DBF41285A13540054B427 /* HUD.swift in Sources */ = {isa = PBXBuildFile; fileRef = 5C8DBF40285A13540054B427 /* HUD.swift */; };
		5C8DBF43285A13C10054B427 /* Subs~PurchasesManager.swift in Sources */ = {isa = PBXBuildFile; fileRef = 5C8DBF42285A13C10054B427 /* Subs~PurchasesManager.swift */; };
		5C8DBF46285A166E0054B427 /* Subs~InitialVC.swift in Sources */ = {isa = PBXBuildFile; fileRef = 5C8DBF45285A166E0054B427 /* Subs~InitialVC.swift */; };
		5C8DBF48285A182A0054B427 /* UIService.swift in Sources */ = {isa = PBXBuildFile; fileRef = 5C8DBF47285A182A0054B427 /* UIService.swift */; };
		5C8DBF4C285A192F0054B427 /* UIScalable.swift in Sources */ = {isa = PBXBuildFile; fileRef = 5C8DBF4A285A192F0054B427 /* UIScalable.swift */; };
		5C8DBF4D285A192F0054B427 /* UIExtension.swift in Sources */ = {isa = PBXBuildFile; fileRef = 5C8DBF4B285A192F0054B427 /* UIExtension.swift */; };
		5C8DBF52285B5A050054B427 /* Reachability in Frameworks */ = {isa = PBXBuildFile; productRef = 5C8DBF51285B5A050054B427 /* Reachability */; };
		5C8DBF54285B5B9F0054B427 /* Equatable~Extensions.swift in Sources */ = {isa = PBXBuildFile; fileRef = 5C8DBF53285B5B9F0054B427 /* Equatable~Extensions.swift */; };
		5C8DBF56285B7CE20054B427 /* Subs~Screen.swift in Sources */ = {isa = PBXBuildFile; fileRef = 5C8DBF55285B7CE20054B427 /* Subs~Screen.swift */; };
		5C8DBF5B285B8BC50054B427 /* Assets.generated.swift in Sources */ = {isa = PBXBuildFile; fileRef = 5C8DBF59285B8BC50054B427 /* Assets.generated.swift */; };
		5C8DBF5C285B8BC50054B427 /* L10n.generated.swift in Sources */ = {isa = PBXBuildFile; fileRef = 5C8DBF5A285B8BC50054B427 /* L10n.generated.swift */; };
		5C8DBF87285B8C920054B427 /* Localizable.strings in Resources */ = {isa = PBXBuildFile; fileRef = 5C8DBF60285B8C920054B427 /* Localizable.strings */; };
		5C8DBF88285B8C920054B427 /* InfoPlist.strings in Resources */ = {isa = PBXBuildFile; fileRef = 5C8DBF62285B8C920054B427 /* InfoPlist.strings */; };
		5C8DBF8C285B91320054B427 /* GoogleService-Info.plist in Resources */ = {isa = PBXBuildFile; fileRef = 5C8DBF8B285B91320054B427 /* GoogleService-Info.plist */; };
		5C8DBF8E285B99C70054B427 /* UIKit~Async.swift in Sources */ = {isa = PBXBuildFile; fileRef = 5C8DBF8D285B99C70054B427 /* UIKit~Async.swift */; };
		5C8DBF90285B99DF0054B427 /* TimeInterval~Extension.swift in Sources */ = {isa = PBXBuildFile; fileRef = 5C8DBF8F285B99DF0054B427 /* TimeInterval~Extension.swift */; };
		5C8DBF92285B9AA30054B427 /* Flowable.swift in Sources */ = {isa = PBXBuildFile; fileRef = 5C8DBF91285B9AA30054B427 /* Flowable.swift */; };
		5C8DBF94285B9EEC0054B427 /* Base~Label.swift in Sources */ = {isa = PBXBuildFile; fileRef = 5C8DBF93285B9EEC0054B427 /* Base~Label.swift */; };
		5C8DBF97285BA7000054B427 /* CGSize~Extensions.swift in Sources */ = {isa = PBXBuildFile; fileRef = 5C8DBF96285BA7000054B427 /* CGSize~Extensions.swift */; };
		5C8DBF99285BA7760054B427 /* UILabel~DynamicFont.swift in Sources */ = {isa = PBXBuildFile; fileRef = 5C8DBF98285BA7760054B427 /* UILabel~DynamicFont.swift */; };
		5C8DBF9B285BA90D0054B427 /* UIControl~Extensions.swift in Sources */ = {isa = PBXBuildFile; fileRef = 5C8DBF9A285BA90C0054B427 /* UIControl~Extensions.swift */; };
		5C8DBF9D285BAC040054B427 /* UIColor~Extensions.swift in Sources */ = {isa = PBXBuildFile; fileRef = 5C8DBF9C285BAC040054B427 /* UIColor~Extensions.swift */; };
		5C8DBF9F285BB0FD0054B427 /* RevenueCat.StoreProduct~Extensions.swift in Sources */ = {isa = PBXBuildFile; fileRef = 5C8DBF9E285BB0FD0054B427 /* RevenueCat.StoreProduct~Extensions.swift */; };
		5C8DBFA2285BB5770054B427 /* PinLayout in Frameworks */ = {isa = PBXBuildFile; productRef = 5C8DBFA1285BB5770054B427 /* PinLayout */; };
		5C8DBFA5285BB65A0054B427 /* SwiftyAttributes in Frameworks */ = {isa = PBXBuildFile; productRef = 5C8DBFA4285BB65A0054B427 /* SwiftyAttributes */; };
		5C8DBFA7285CA4A50054B427 /* Common~DotLabel.swift in Sources */ = {isa = PBXBuildFile; fileRef = 5C8DBFA6285CA4A40054B427 /* Common~DotLabel.swift */; };
		5C8DBFAA285CA5870054B427 /* TextCraft.swift in Sources */ = {isa = PBXBuildFile; fileRef = 5C8DBFA9285CA5870054B427 /* TextCraft.swift */; };
		5C8DBFAC285CA9220054B427 /* Continuations.swift in Sources */ = {isa = PBXBuildFile; fileRef = 5C8DBFAB285CA9220054B427 /* Continuations.swift */; };
		5C8DBFAE285CB3EE0054B427 /* Notifications~System.swift in Sources */ = {isa = PBXBuildFile; fileRef = 5C8DBFAD285CB3EE0054B427 /* Notifications~System.swift */; };
/* End PBXBuildFile section */

/* Begin PBXFileReference section */
		5C8DBEB128511C210054B427 /* SubsTemplate.app */ = {isa = PBXFileReference; explicitFileType = wrapper.application; includeInIndex = 0; path = SubsTemplate.app; sourceTree = BUILT_PRODUCTS_DIR; };
		5C8DBEB428511C210054B427 /* AppDelegate.swift */ = {isa = PBXFileReference; lastKnownFileType = sourcecode.swift; path = AppDelegate.swift; sourceTree = "<group>"; };
		5C8DBEB628511C210054B427 /* SceneDelegate.swift */ = {isa = PBXFileReference; lastKnownFileType = sourcecode.swift; path = SceneDelegate.swift; sourceTree = "<group>"; };
		5C8DBEB828511C210054B427 /* MainScreen~VC.swift */ = {isa = PBXFileReference; lastKnownFileType = sourcecode.swift; path = "MainScreen~VC.swift"; sourceTree = "<group>"; };
		5C8DBEBD28511C240054B427 /* Assets.xcassets */ = {isa = PBXFileReference; lastKnownFileType = folder.assetcatalog; path = Assets.xcassets; sourceTree = "<group>"; };
		5C8DBEC028511C240054B427 /* Base */ = {isa = PBXFileReference; lastKnownFileType = file.storyboard; name = Base; path = Base.lproj/LaunchScreen.storyboard; sourceTree = "<group>"; };
		5C8DBEC228511C240054B427 /* Info.plist */ = {isa = PBXFileReference; lastKnownFileType = text.plist.xml; path = Info.plist; sourceTree = "<group>"; };
		5C8DBED9285208850054B427 /* BannerView~Default.swift */ = {isa = PBXFileReference; lastKnownFileType = sourcecode.swift; path = "BannerView~Default.swift"; sourceTree = "<group>"; };
		5C8DBEDB285208970054B427 /* BannerView.swift */ = {isa = PBXFileReference; lastKnownFileType = sourcecode.swift; path = BannerView.swift; sourceTree = "<group>"; };
		5C8DBEE0285213A70054B427 /* Base~View.swift */ = {isa = PBXFileReference; lastKnownFileType = sourcecode.swift; path = "Base~View.swift"; sourceTree = "<group>"; };
		5C8DBEE2285214220054B427 /* Base.swift */ = {isa = PBXFileReference; lastKnownFileType = sourcecode.swift; path = Base.swift; sourceTree = "<group>"; };
		5C8DBEE4285214430054B427 /* Base~ImageView.swift */ = {isa = PBXFileReference; lastKnownFileType = sourcecode.swift; path = "Base~ImageView.swift"; sourceTree = "<group>"; };
		5C8DBEE6285214440054B427 /* Base~Control.swift */ = {isa = PBXFileReference; lastKnownFileType = sourcecode.swift; name = "Base~Control.swift"; path = "SubsTemplate/Base~Control.swift"; sourceTree = SOURCE_ROOT; };
		5C8DBEE8285214480054B427 /* Base~Button.swift */ = {isa = PBXFileReference; lastKnownFileType = sourcecode.swift; path = "Base~Button.swift"; sourceTree = "<group>"; };
		5C8DBEEA285214960054B427 /* Base~ViewController.swift */ = {isa = PBXFileReference; lastKnownFileType = sourcecode.swift; path = "Base~ViewController.swift"; sourceTree = "<group>"; };
		5C8DBEEE285215FA0054B427 /* Permissions~VC.swift */ = {isa = PBXFileReference; lastKnownFileType = sourcecode.swift; path = "Permissions~VC.swift"; sourceTree = "<group>"; };
		5C8DBEF0285217950054B427 /* Subs~VC.swift */ = {isa = PBXFileReference; lastKnownFileType = sourcecode.swift; path = "Subs~VC.swift"; sourceTree = "<group>"; };
		5C8DBEF328521C110054B427 /* Common.swift */ = {isa = PBXFileReference; lastKnownFileType = sourcecode.swift; path = Common.swift; sourceTree = "<group>"; };
		5C8DBEF528521C260054B427 /* Common~GradientView.swift */ = {isa = PBXFileReference; lastKnownFileType = sourcecode.swift; path = "Common~GradientView.swift"; sourceTree = "<group>"; };
		5C8DBEF728521EE40054B427 /* Stored.swift */ = {isa = PBXFileReference; lastKnownFileType = sourcecode.swift; path = Stored.swift; sourceTree = "<group>"; };
		5C8DBEFF2858F6910054B427 /* UIViewController~Extensions.swift */ = {isa = PBXFileReference; lastKnownFileType = sourcecode.swift; path = "UIViewController~Extensions.swift"; sourceTree = "<group>"; };
		5C8DBF012858F7130054B427 /* UIView~Extensions.swift */ = {isa = PBXFileReference; lastKnownFileType = sourcecode.swift; path = "UIView~Extensions.swift"; sourceTree = "<group>"; };
		5C8DBF042858FB000054B427 /* BranchService.swift */ = {isa = PBXFileReference; lastKnownFileType = sourcecode.swift; path = BranchService.swift; sourceTree = "<group>"; };
		5C8DBF062858FBDF0054B427 /* FirebaseService.swift */ = {isa = PBXFileReference; lastKnownFileType = sourcecode.swift; path = FirebaseService.swift; sourceTree = "<group>"; };
		5C8DBF092858FC0D0054B427 /* Analytics~Service.swift */ = {isa = PBXFileReference; fileEncoding = 4; lastKnownFileType = sourcecode.swift; path = "Analytics~Service.swift"; sourceTree = "<group>"; };
		5C8DBF0B2858FC0D0054B427 /* Analytics~Event.swift */ = {isa = PBXFileReference; fileEncoding = 4; lastKnownFileType = sourcecode.swift; path = "Analytics~Event.swift"; sourceTree = "<group>"; };
		5C8DBF0C2858FC0D0054B427 /* Analytics~SubsEvent.swift */ = {isa = PBXFileReference; fileEncoding = 4; lastKnownFileType = sourcecode.swift; path = "Analytics~SubsEvent.swift"; sourceTree = "<group>"; };
		5C8DBF102858FC0D0054B427 /* Analytics~Logger.swift */ = {isa = PBXFileReference; fileEncoding = 4; lastKnownFileType = sourcecode.swift; path = "Analytics~Logger.swift"; sourceTree = "<group>"; };
		5C8DBF112858FC0D0054B427 /* Analytics~LaunchItem.swift */ = {isa = PBXFileReference; fileEncoding = 4; lastKnownFileType = sourcecode.swift; path = "Analytics~LaunchItem.swift"; sourceTree = "<group>"; };
		5C8DBF132858FC0D0054B427 /* Analytics~BranchEvent.swift */ = {isa = PBXFileReference; fileEncoding = 4; lastKnownFileType = sourcecode.swift; path = "Analytics~BranchEvent.swift"; sourceTree = "<group>"; };
		5C8DBF152858FC0D0054B427 /* Analytics~FIREvent.swift */ = {isa = PBXFileReference; fileEncoding = 4; lastKnownFileType = sourcecode.swift; path = "Analytics~FIREvent.swift"; sourceTree = "<group>"; };
		5C8DBF162858FC0D0054B427 /* Analytics~OSLog.swift */ = {isa = PBXFileReference; fileEncoding = 4; lastKnownFileType = sourcecode.swift; path = "Analytics~OSLog.swift"; sourceTree = "<group>"; };
		5C8DBF232858FF460054B427 /* Utils.swift */ = {isa = PBXFileReference; fileEncoding = 4; lastKnownFileType = sourcecode.swift; path = Utils.swift; sourceTree = "<group>"; };
		5C8DBF262859003A0054B427 /* UITypes.swift */ = {isa = PBXFileReference; lastKnownFileType = sourcecode.swift; path = UITypes.swift; sourceTree = "<group>"; };
		5C8DBF282859012E0054B427 /* NotificationsService.swift */ = {isa = PBXFileReference; lastKnownFileType = sourcecode.swift; path = NotificationsService.swift; sourceTree = "<group>"; };
		5C8DBF2A285902720054B427 /* Subs.swift */ = {isa = PBXFileReference; lastKnownFileType = sourcecode.swift; path = Subs.swift; sourceTree = "<group>"; };
		5C8DBF2C285902870054B427 /* Session~Service.swift */ = {isa = PBXFileReference; lastKnownFileType = sourcecode.swift; path = "Session~Service.swift"; sourceTree = "<group>"; };
		5C8DBF2F285902FC0054B427 /* Subs~Service.swift */ = {isa = PBXFileReference; lastKnownFileType = sourcecode.swift; path = "Subs~Service.swift"; sourceTree = "<group>"; };
		5C8DBF3128590ED90054B427 /* Error.swift */ = {isa = PBXFileReference; lastKnownFileType = sourcecode.swift; path = Error.swift; sourceTree = "<group>"; };
		5C8DBF3428591E090054B427 /* Notifications.swift */ = {isa = PBXFileReference; lastKnownFileType = sourcecode.swift; path = Notifications.swift; sourceTree = "<group>"; };
		5C8DBF3628591E2B0054B427 /* Callbacks.swift */ = {isa = PBXFileReference; fileEncoding = 4; lastKnownFileType = sourcecode.swift; path = Callbacks.swift; sourceTree = "<group>"; };
		5C8DBF3828591E4A0054B427 /* DeinitObserver.swift */ = {isa = PBXFileReference; fileEncoding = 4; lastKnownFileType = sourcecode.swift; path = DeinitObserver.swift; sourceTree = "<group>"; };
		5C8DBF3D2859204C0054B427 /* SubsTemplate-Bridging-Header.h */ = {isa = PBXFileReference; lastKnownFileType = sourcecode.c.h; path = "SubsTemplate-Bridging-Header.h"; sourceTree = "<group>"; };
		5C8DBF3E2859204C0054B427 /* AppDelegate~Proxy.m */ = {isa = PBXFileReference; fileEncoding = 4; lastKnownFileType = sourcecode.c.objc; path = "AppDelegate~Proxy.m"; sourceTree = "<group>"; };
		5C8DBF40285A13540054B427 /* HUD.swift */ = {isa = PBXFileReference; lastKnownFileType = sourcecode.swift; path = HUD.swift; sourceTree = "<group>"; };
		5C8DBF42285A13C10054B427 /* Subs~PurchasesManager.swift */ = {isa = PBXFileReference; lastKnownFileType = sourcecode.swift; path = "Subs~PurchasesManager.swift"; sourceTree = "<group>"; };
		5C8DBF45285A166E0054B427 /* Subs~InitialVC.swift */ = {isa = PBXFileReference; fileEncoding = 4; lastKnownFileType = sourcecode.swift; path = "Subs~InitialVC.swift"; sourceTree = "<group>"; };
		5C8DBF47285A182A0054B427 /* UIService.swift */ = {isa = PBXFileReference; fileEncoding = 4; lastKnownFileType = sourcecode.swift; path = UIService.swift; sourceTree = "<group>"; };
		5C8DBF4A285A192F0054B427 /* UIScalable.swift */ = {isa = PBXFileReference; fileEncoding = 4; lastKnownFileType = sourcecode.swift; path = UIScalable.swift; sourceTree = "<group>"; };
		5C8DBF4B285A192F0054B427 /* UIExtension.swift */ = {isa = PBXFileReference; fileEncoding = 4; lastKnownFileType = sourcecode.swift; path = UIExtension.swift; sourceTree = "<group>"; };
		5C8DBF53285B5B9F0054B427 /* Equatable~Extensions.swift */ = {isa = PBXFileReference; lastKnownFileType = sourcecode.swift; path = "Equatable~Extensions.swift"; sourceTree = "<group>"; };
		5C8DBF55285B7CE20054B427 /* Subs~Screen.swift */ = {isa = PBXFileReference; lastKnownFileType = sourcecode.swift; path = "Subs~Screen.swift"; sourceTree = "<group>"; };
		5C8DBF59285B8BC50054B427 /* Assets.generated.swift */ = {isa = PBXFileReference; fileEncoding = 4; lastKnownFileType = sourcecode.swift; path = Assets.generated.swift; sourceTree = "<group>"; };
		5C8DBF5A285B8BC50054B427 /* L10n.generated.swift */ = {isa = PBXFileReference; fileEncoding = 4; lastKnownFileType = sourcecode.swift; path = L10n.generated.swift; sourceTree = "<group>"; };
		5C8DBF61285B8C920054B427 /* en */ = {isa = PBXFileReference; lastKnownFileType = text.plist.strings; name = en; path = en.lproj/Localizable.strings; sourceTree = "<group>"; };
		5C8DBF63285B8C920054B427 /* en */ = {isa = PBXFileReference; lastKnownFileType = text.plist.strings; name = en; path = en.lproj/InfoPlist.strings; sourceTree = "<group>"; };
		5C8DBF69285B8C920054B427 /* uk */ = {isa = PBXFileReference; lastKnownFileType = text.plist.strings; name = uk; path = uk.lproj/Localizable.strings; sourceTree = "<group>"; };
		5C8DBF6A285B8C920054B427 /* uk */ = {isa = PBXFileReference; lastKnownFileType = text.plist.strings; name = uk; path = uk.lproj/InfoPlist.strings; sourceTree = "<group>"; };
		5C8DBF6E285B8C920054B427 /* es */ = {isa = PBXFileReference; lastKnownFileType = text.plist.strings; name = es; path = es.lproj/Localizable.strings; sourceTree = "<group>"; };
		5C8DBF6F285B8C920054B427 /* es */ = {isa = PBXFileReference; lastKnownFileType = text.plist.strings; name = es; path = es.lproj/InfoPlist.strings; sourceTree = "<group>"; };
		5C8DBF73285B8C920054B427 /* pt-BR */ = {isa = PBXFileReference; lastKnownFileType = text.plist.strings; name = "pt-BR"; path = "pt-BR.lproj/Localizable.strings"; sourceTree = "<group>"; };
		5C8DBF74285B8C920054B427 /* pt-BR */ = {isa = PBXFileReference; lastKnownFileType = text.plist.strings; name = "pt-BR"; path = "pt-BR.lproj/InfoPlist.strings"; sourceTree = "<group>"; };
		5C8DBF78285B8C920054B427 /* ru */ = {isa = PBXFileReference; lastKnownFileType = text.plist.strings; name = ru; path = ru.lproj/Localizable.strings; sourceTree = "<group>"; };
		5C8DBF79285B8C920054B427 /* ru */ = {isa = PBXFileReference; lastKnownFileType = text.plist.strings; name = ru; path = ru.lproj/InfoPlist.strings; sourceTree = "<group>"; };
		5C8DBF7D285B8C920054B427 /* fr */ = {isa = PBXFileReference; lastKnownFileType = text.plist.strings; name = fr; path = fr.lproj/Localizable.strings; sourceTree = "<group>"; };
		5C8DBF7E285B8C920054B427 /* fr */ = {isa = PBXFileReference; lastKnownFileType = text.plist.strings; name = fr; path = fr.lproj/InfoPlist.strings; sourceTree = "<group>"; };
		5C8DBF82285B8C920054B427 /* pt-PT */ = {isa = PBXFileReference; lastKnownFileType = text.plist.strings; name = "pt-PT"; path = "pt-PT.lproj/Localizable.strings"; sourceTree = "<group>"; };
		5C8DBF83285B8C920054B427 /* pt-PT */ = {isa = PBXFileReference; lastKnownFileType = text.plist.strings; name = "pt-PT"; path = "pt-PT.lproj/InfoPlist.strings"; sourceTree = "<group>"; };
		5C8DBF8B285B91320054B427 /* GoogleService-Info.plist */ = {isa = PBXFileReference; fileEncoding = 4; lastKnownFileType = text.plist.xml; path = "GoogleService-Info.plist"; sourceTree = "<group>"; };
		5C8DBF8D285B99C70054B427 /* UIKit~Async.swift */ = {isa = PBXFileReference; lastKnownFileType = sourcecode.swift; path = "UIKit~Async.swift"; sourceTree = "<group>"; };
		5C8DBF8F285B99DF0054B427 /* TimeInterval~Extension.swift */ = {isa = PBXFileReference; fileEncoding = 4; lastKnownFileType = sourcecode.swift; path = "TimeInterval~Extension.swift"; sourceTree = "<group>"; };
		5C8DBF91285B9AA30054B427 /* Flowable.swift */ = {isa = PBXFileReference; lastKnownFileType = sourcecode.swift; path = Flowable.swift; sourceTree = "<group>"; };
		5C8DBF93285B9EEC0054B427 /* Base~Label.swift */ = {isa = PBXFileReference; lastKnownFileType = sourcecode.swift; path = "Base~Label.swift"; sourceTree = "<group>"; };
		5C8DBF96285BA7000054B427 /* CGSize~Extensions.swift */ = {isa = PBXFileReference; lastKnownFileType = sourcecode.swift; path = "CGSize~Extensions.swift"; sourceTree = "<group>"; };
		5C8DBF98285BA7760054B427 /* UILabel~DynamicFont.swift */ = {isa = PBXFileReference; lastKnownFileType = sourcecode.swift; path = "UILabel~DynamicFont.swift"; sourceTree = "<group>"; };
		5C8DBF9A285BA90C0054B427 /* UIControl~Extensions.swift */ = {isa = PBXFileReference; lastKnownFileType = sourcecode.swift; path = "UIControl~Extensions.swift"; sourceTree = "<group>"; };
		5C8DBF9C285BAC040054B427 /* UIColor~Extensions.swift */ = {isa = PBXFileReference; lastKnownFileType = sourcecode.swift; path = "UIColor~Extensions.swift"; sourceTree = "<group>"; };
		5C8DBF9E285BB0FD0054B427 /* RevenueCat.StoreProduct~Extensions.swift */ = {isa = PBXFileReference; lastKnownFileType = sourcecode.swift; path = "RevenueCat.StoreProduct~Extensions.swift"; sourceTree = "<group>"; };
		5C8DBFA6285CA4A40054B427 /* Common~DotLabel.swift */ = {isa = PBXFileReference; lastKnownFileType = sourcecode.swift; path = "Common~DotLabel.swift"; sourceTree = "<group>"; };
		5C8DBFA9285CA5870054B427 /* TextCraft.swift */ = {isa = PBXFileReference; fileEncoding = 4; lastKnownFileType = sourcecode.swift; path = TextCraft.swift; sourceTree = "<group>"; };
		5C8DBFAB285CA9220054B427 /* Continuations.swift */ = {isa = PBXFileReference; lastKnownFileType = sourcecode.swift; path = Continuations.swift; sourceTree = "<group>"; };
		5C8DBFAD285CB3EE0054B427 /* Notifications~System.swift */ = {isa = PBXFileReference; fileEncoding = 4; lastKnownFileType = sourcecode.swift; path = "Notifications~System.swift"; sourceTree = "<group>"; };
/* End PBXFileReference section */

/* Begin PBXFrameworksBuildPhase section */
		5C8DBEAE28511C210054B427 /* Frameworks */ = {
			isa = PBXFrameworksBuildPhase;
			buildActionMask = 2147483647;
			files = (
				5C8DBED228511FC40054B427 /* FirebaseMessaging in Frameworks */,
				5C8DBF52285B5A050054B427 /* Reachability in Frameworks */,
				5C8DBED5285120CF0054B427 /* RevenueCat in Frameworks */,
				5C8DBECA28511D8B0054B427 /* Branch in Frameworks */,
				5C8DBED82852078D0054B427 /* StackCraft in Frameworks */,
				5C8DBFA5285BB65A0054B427 /* SwiftyAttributes in Frameworks */,
				5C8DBFA2285BB5770054B427 /* PinLayout in Frameworks */,
				5C8DBED028511FC40054B427 /* FirebaseAnalytics in Frameworks */,
			);
			runOnlyForDeploymentPostprocessing = 0;
		};
/* End PBXFrameworksBuildPhase section */

/* Begin PBXGroup section */
		5C8DBEA828511C210054B427 = {
			isa = PBXGroup;
			children = (
				5C8DBEB328511C210054B427 /* SubsTemplate */,
				5C8DBEB228511C210054B427 /* Products */,
			);
			sourceTree = "<group>";
		};
		5C8DBEB228511C210054B427 /* Products */ = {
			isa = PBXGroup;
			children = (
				5C8DBEB128511C210054B427 /* SubsTemplate.app */,
			);
			name = Products;
			sourceTree = "<group>";
		};
		5C8DBEB328511C210054B427 /* SubsTemplate */ = {
			isa = PBXGroup;
			children = (
				5C8DBFA8285CA5870054B427 /* TextCraft */,
				5C8DBF58285B8BC50054B427 /* Generated */,
				5C8DBF3328591DD50054B427 /* Systems */,
				5C8DBF032858FADD0054B427 /* Services */,
				5C8DBEFE2858F6790054B427 /* Extensions */,
				5C8DBEF228521C070054B427 /* Common */,
				5C8DBEDF285213970054B427 /* Base */,
				5C8DBEEC285215740054B427 /* Bootstrap */,
				5C8DBEED285215850054B427 /* Resources */,
				5C8DBEDE285212E80054B427 /* Screens */,
				5C8DBEDD2852089F0054B427 /* Views */,
				5C8DBEF928521EEA0054B427 /* Utils */,
			);
			path = SubsTemplate;
			sourceTree = "<group>";
		};
		5C8DBEDD2852089F0054B427 /* Views */ = {
			isa = PBXGroup;
			children = (
				5C8DBED9285208850054B427 /* BannerView~Default.swift */,
				5C8DBEDB285208970054B427 /* BannerView.swift */,
			);
			path = Views;
			sourceTree = "<group>";
		};
		5C8DBEDE285212E80054B427 /* Screens */ = {
			isa = PBXGroup;
			children = (
				5C8DBEB828511C210054B427 /* MainScreen~VC.swift */,
				5C8DBEEE285215FA0054B427 /* Permissions~VC.swift */,
				5C8DBF44285A16250054B427 /* Subs */,
			);
			path = Screens;
			sourceTree = "<group>";
		};
		5C8DBEDF285213970054B427 /* Base */ = {
			isa = PBXGroup;
			children = (
				5C8DBEE2285214220054B427 /* Base.swift */,
				5C8DBEE8285214480054B427 /* Base~Button.swift */,
				5C8DBF93285B9EEC0054B427 /* Base~Label.swift */,
				5C8DBEE6285214440054B427 /* Base~Control.swift */,
				5C8DBEE4285214430054B427 /* Base~ImageView.swift */,
				5C8DBEE0285213A70054B427 /* Base~View.swift */,
				5C8DBEEA285214960054B427 /* Base~ViewController.swift */,
			);
			path = Base;
			sourceTree = "<group>";
		};
		5C8DBEEC285215740054B427 /* Bootstrap */ = {
			isa = PBXGroup;
			children = (
				5C8DBF3D2859204C0054B427 /* SubsTemplate-Bridging-Header.h */,
				5C8DBF3E2859204C0054B427 /* AppDelegate~Proxy.m */,
				5C8DBEB428511C210054B427 /* AppDelegate.swift */,
				5C8DBEB628511C210054B427 /* SceneDelegate.swift */,
			);
			path = Bootstrap;
			sourceTree = "<group>";
		};
		5C8DBEED285215850054B427 /* Resources */ = {
			isa = PBXGroup;
			children = (
				5C8DBF8B285B91320054B427 /* GoogleService-Info.plist */,
				5C8DBF5D285B8C920054B427 /* Localizations */,
				5C8DBEBD28511C240054B427 /* Assets.xcassets */,
				5C8DBEBF28511C240054B427 /* LaunchScreen.storyboard */,
				5C8DBEC228511C240054B427 /* Info.plist */,
			);
			path = Resources;
			sourceTree = "<group>";
		};
		5C8DBEF228521C070054B427 /* Common */ = {
			isa = PBXGroup;
			children = (
				5C8DBEF328521C110054B427 /* Common.swift */,
				5C8DBEF528521C260054B427 /* Common~GradientView.swift */,
				5C8DBFA6285CA4A40054B427 /* Common~DotLabel.swift */,
			);
			path = Common;
			sourceTree = "<group>";
		};
		5C8DBEF928521EEA0054B427 /* Utils */ = {
			isa = PBXGroup;
			children = (
				5C8DBF232858FF460054B427 /* Utils.swift */,
				5C8DBF3128590ED90054B427 /* Error.swift */,
				5C8DBEF728521EE40054B427 /* Stored.swift */,
				5C8DBF262859003A0054B427 /* UITypes.swift */,
				5C8DBFAB285CA9220054B427 /* Continuations.swift */,
			);
			path = Utils;
			sourceTree = "<group>";
		};
		5C8DBEFE2858F6790054B427 /* Extensions */ = {
			isa = PBXGroup;
			children = (
				5C8DBF98285BA7760054B427 /* UILabel~DynamicFont.swift */,
				5C8DBF9E285BB0FD0054B427 /* RevenueCat.StoreProduct~Extensions.swift */,
				5C8DBF9C285BAC040054B427 /* UIColor~Extensions.swift */,
				5C8DBF8F285B99DF0054B427 /* TimeInterval~Extension.swift */,
				5C8DBF53285B5B9F0054B427 /* Equatable~Extensions.swift */,
				5C8DBEFF2858F6910054B427 /* UIViewController~Extensions.swift */,
				5C8DBF96285BA7000054B427 /* CGSize~Extensions.swift */,
				5C8DBF012858F7130054B427 /* UIView~Extensions.swift */,
				5C8DBF9A285BA90C0054B427 /* UIControl~Extensions.swift */,
			);
			path = Extensions;
			sourceTree = "<group>";
		};
		5C8DBF032858FADD0054B427 /* Services */ = {
			isa = PBXGroup;
			children = (
				5C8DBF082858FBF90054B427 /* Analytics */,
				5C8DBF2E285902E60054B427 /* Subs */,
				5C8DBF49285A19250054B427 /* UserInterface */,
				5C8DBF042858FB000054B427 /* BranchService.swift */,
				5C8DBF062858FBDF0054B427 /* FirebaseService.swift */,
				5C8DBF2C285902870054B427 /* Session~Service.swift */,
				5C8DBF282859012E0054B427 /* NotificationsService.swift */,
			);
			path = Services;
			sourceTree = "<group>";
		};
		5C8DBF082858FBF90054B427 /* Analytics */ = {
			isa = PBXGroup;
			children = (
				5C8DBF112858FC0D0054B427 /* Analytics~LaunchItem.swift */,
				5C8DBF102858FC0D0054B427 /* Analytics~Logger.swift */,
				5C8DBF092858FC0D0054B427 /* Analytics~Service.swift */,
				5C8DBF0A2858FC0D0054B427 /* Events */,
				5C8DBF122858FC0D0054B427 /* Networks */,
			);
			path = Analytics;
			sourceTree = "<group>";
		};
		5C8DBF0A2858FC0D0054B427 /* Events */ = {
			isa = PBXGroup;
			children = (
				5C8DBF0B2858FC0D0054B427 /* Analytics~Event.swift */,
				5C8DBF0C2858FC0D0054B427 /* Analytics~SubsEvent.swift */,
			);
			path = Events;
			sourceTree = "<group>";
		};
		5C8DBF122858FC0D0054B427 /* Networks */ = {
			isa = PBXGroup;
			children = (
				5C8DBF132858FC0D0054B427 /* Analytics~BranchEvent.swift */,
				5C8DBF152858FC0D0054B427 /* Analytics~FIREvent.swift */,
				5C8DBF162858FC0D0054B427 /* Analytics~OSLog.swift */,
			);
			path = Networks;
			sourceTree = "<group>";
		};
		5C8DBF2E285902E60054B427 /* Subs */ = {
			isa = PBXGroup;
			children = (
				5C8DBF2A285902720054B427 /* Subs.swift */,
				5C8DBF2F285902FC0054B427 /* Subs~Service.swift */,
				5C8DBF42285A13C10054B427 /* Subs~PurchasesManager.swift */,
			);
			path = Subs;
			sourceTree = "<group>";
		};
		5C8DBF3328591DD50054B427 /* Systems */ = {
			isa = PBXGroup;
			children = (
				5C8DBF3828591E4A0054B427 /* DeinitObserver.swift */,
				5C8DBF91285B9AA30054B427 /* Flowable.swift */,
				5C8DBF8D285B99C70054B427 /* UIKit~Async.swift */,
				5C8DBF40285A13540054B427 /* HUD.swift */,
				5C8DBF3628591E2B0054B427 /* Callbacks.swift */,
				5C8DBF3428591E090054B427 /* Notifications.swift */,
				5C8DBFAD285CB3EE0054B427 /* Notifications~System.swift */,
			);
			path = Systems;
			sourceTree = "<group>";
		};
		5C8DBF44285A16250054B427 /* Subs */ = {
			isa = PBXGroup;
			children = (
				5C8DBF55285B7CE20054B427 /* Subs~Screen.swift */,
				5C8DBEF0285217950054B427 /* Subs~VC.swift */,
				5C8DBF45285A166E0054B427 /* Subs~InitialVC.swift */,
			);
			path = Subs;
			sourceTree = "<group>";
		};
		5C8DBF49285A19250054B427 /* UserInterface */ = {
			isa = PBXGroup;
			children = (
				5C8DBF4B285A192F0054B427 /* UIExtension.swift */,
				5C8DBF4A285A192F0054B427 /* UIScalable.swift */,
				5C8DBF47285A182A0054B427 /* UIService.swift */,
			);
			path = UserInterface;
			sourceTree = "<group>";
		};
		5C8DBF58285B8BC50054B427 /* Generated */ = {
			isa = PBXGroup;
			children = (
				5C8DBF59285B8BC50054B427 /* Assets.generated.swift */,
				5C8DBF5A285B8BC50054B427 /* L10n.generated.swift */,
			);
			path = Generated;
			sourceTree = SOURCE_ROOT;
		};
		5C8DBF5D285B8C920054B427 /* Localizations */ = {
			isa = PBXGroup;
			children = (
				5C8DBF60285B8C920054B427 /* Localizable.strings */,
				5C8DBF62285B8C920054B427 /* InfoPlist.strings */,
			);
			path = Localizations;
			sourceTree = SOURCE_ROOT;
		};
		5C8DBFA8285CA5870054B427 /* TextCraft */ = {
			isa = PBXGroup;
			children = (
				5C8DBFA9285CA5870054B427 /* TextCraft.swift */,
			);
			path = TextCraft;
			sourceTree = "<group>";
		};
/* End PBXGroup section */

/* Begin PBXNativeTarget section */
		5C8DBEB028511C210054B427 /* SubsTemplate */ = {
			isa = PBXNativeTarget;
			buildConfigurationList = 5C8DBEC528511C240054B427 /* Build configuration list for PBXNativeTarget "SubsTemplate" */;
			buildPhases = (
				5C8DBEAD28511C210054B427 /* Sources */,
				5C8DBEAE28511C210054B427 /* Frameworks */,
				5C8DBEAF28511C210054B427 /* Resources */,
				5C8DBF95285BA08A0054B427 /* SwiftGen */,
			);
			buildRules = (
			);
			dependencies = (
			);
			name = SubsTemplate;
			packageProductDependencies = (
				5C8DBEC928511D8B0054B427 /* Branch */,
				5C8DBECF28511FC40054B427 /* FirebaseAnalytics */,
				5C8DBED128511FC40054B427 /* FirebaseMessaging */,
				5C8DBED4285120CF0054B427 /* RevenueCat */,
				5C8DBED72852078D0054B427 /* StackCraft */,
				5C8DBF51285B5A050054B427 /* Reachability */,
				5C8DBFA1285BB5770054B427 /* PinLayout */,
				5C8DBFA4285BB65A0054B427 /* SwiftyAttributes */,
			);
			productName = SubsTemplate;
			productReference = 5C8DBEB128511C210054B427 /* SubsTemplate.app */;
			productType = "com.apple.product-type.application";
		};
/* End PBXNativeTarget section */

/* Begin PBXProject section */
		5C8DBEA928511C210054B427 /* Project object */ = {
			isa = PBXProject;
			attributes = {
				BuildIndependentTargetsInParallel = 1;
				LastSwiftUpdateCheck = 1330;
				LastUpgradeCheck = 1330;
				TargetAttributes = {
					5C8DBEB028511C210054B427 = {
						CreatedOnToolsVersion = 13.3;
						LastSwiftMigration = 1330;
					};
				};
			};
			buildConfigurationList = 5C8DBEAC28511C210054B427 /* Build configuration list for PBXProject "SubsTemplate" */;
			compatibilityVersion = "Xcode 13.0";
			developmentRegion = en;
			hasScannedForEncodings = 0;
			knownRegions = (
				en,
				Base,
				uk,
				es,
				"pt-BR",
				ru,
				fr,
				"pt-PT",
			);
			mainGroup = 5C8DBEA828511C210054B427;
			packageReferences = (
				5C8DBEC828511D8B0054B427 /* XCRemoteSwiftPackageReference "ios-branch-deep-linking-attribution" */,
				5C8DBECE28511FC40054B427 /* XCRemoteSwiftPackageReference "firebase-ios-sdk" */,
				5C8DBED3285120CF0054B427 /* XCRemoteSwiftPackageReference "purchases-ios" */,
				5C8DBED62852078D0054B427 /* XCRemoteSwiftPackageReference "StackCraft" */,
				5C8DBF50285B5A050054B427 /* XCRemoteSwiftPackageReference "Reachability" */,
				5C8DBFA0285BB5770054B427 /* XCRemoteSwiftPackageReference "PinLayout" */,
				5C8DBFA3285BB65A0054B427 /* XCRemoteSwiftPackageReference "SwiftyAttributes" */,
			);
			productRefGroup = 5C8DBEB228511C210054B427 /* Products */;
			projectDirPath = "";
			projectRoot = "";
			targets = (
				5C8DBEB028511C210054B427 /* SubsTemplate */,
			);
		};
/* End PBXProject section */

/* Begin PBXResourcesBuildPhase section */
		5C8DBEAF28511C210054B427 /* Resources */ = {
			isa = PBXResourcesBuildPhase;
			buildActionMask = 2147483647;
			files = (
				5C8DBF87285B8C920054B427 /* Localizable.strings in Resources */,
				5C8DBEC128511C240054B427 /* LaunchScreen.storyboard in Resources */,
				5C8DBF8C285B91320054B427 /* GoogleService-Info.plist in Resources */,
				5C8DBEBE28511C240054B427 /* Assets.xcassets in Resources */,
				5C8DBF88285B8C920054B427 /* InfoPlist.strings in Resources */,
			);
			runOnlyForDeploymentPostprocessing = 0;
		};
/* End PBXResourcesBuildPhase section */

/* Begin PBXShellScriptBuildPhase section */
		5C8DBF95285BA08A0054B427 /* SwiftGen */ = {
			isa = PBXShellScriptBuildPhase;
			buildActionMask = 2147483647;
			files = (
			);
			inputFileListPaths = (
			);
			inputPaths = (
			);
			name = SwiftGen;
			outputFileListPaths = (
			);
			outputPaths = (
			);
			runOnlyForDeploymentPostprocessing = 0;
			shellPath = /bin/sh;
			shellScript = "if which swiftgen >/dev/null; then\n    swiftgen config run --config $SRCROOT/SwiftGen/.swiftgen.yml\nelse\n    echo \"warning: SwiftLint not installed\"\nfi\n";
		};
/* End PBXShellScriptBuildPhase section */

/* Begin PBXSourcesBuildPhase section */
		5C8DBEAD28511C210054B427 /* Sources */ = {
			isa = PBXSourcesBuildPhase;
			buildActionMask = 2147483647;
			files = (
				5C8DBF072858FBDF0054B427 /* FirebaseService.swift in Sources */,
				5C8DBF9F285BB0FD0054B427 /* RevenueCat.StoreProduct~Extensions.swift in Sources */,
				5C8DBEE9285214480054B427 /* Base~Button.swift in Sources */,
				5C8DBF30285902FC0054B427 /* Subs~Service.swift in Sources */,
				5C8DBFAC285CA9220054B427 /* Continuations.swift in Sources */,
				5C8DBF97285BA7000054B427 /* CGSize~Extensions.swift in Sources */,
				5C8DBEDA285208850054B427 /* BannerView~Default.swift in Sources */,
				5C8DBF1E2858FC0D0054B427 /* Analytics~LaunchItem.swift in Sources */,
				5C8DBFAA285CA5870054B427 /* TextCraft.swift in Sources */,
				5C8DBF99285BA7760054B427 /* UILabel~DynamicFont.swift in Sources */,
				5C8DBEEB285214960054B427 /* Base~ViewController.swift in Sources */,
				5C8DBF3F2859204C0054B427 /* AppDelegate~Proxy.m in Sources */,
				5C8DBEF628521C260054B427 /* Common~GradientView.swift in Sources */,
				5C8DBEB928511C210054B427 /* MainScreen~VC.swift in Sources */,
				5C8DBF2D285902870054B427 /* Session~Service.swift in Sources */,
				5C8DBEDC285208970054B427 /* BannerView.swift in Sources */,
				5C8DBEB528511C210054B427 /* AppDelegate.swift in Sources */,
				5C8DBF1D2858FC0D0054B427 /* Analytics~Logger.swift in Sources */,
				5C8DBEF428521C110054B427 /* Common.swift in Sources */,
				5C8DBF46285A166E0054B427 /* Subs~InitialVC.swift in Sources */,
				5C8DBF1F2858FC0D0054B427 /* Analytics~BranchEvent.swift in Sources */,
				5C8DBF9B285BA90D0054B427 /* UIControl~Extensions.swift in Sources */,
				5C8DBF192858FC0D0054B427 /* Analytics~SubsEvent.swift in Sources */,
				5C8DBEF828521EE40054B427 /* Stored.swift in Sources */,
				5C8DBF43285A13C10054B427 /* Subs~PurchasesManager.swift in Sources */,
				5C8DBF3728591E2B0054B427 /* Callbacks.swift in Sources */,
				5C8DBF2B285902720054B427 /* Subs.swift in Sources */,
				5C8DBF48285A182A0054B427 /* UIService.swift in Sources */,
				5C8DBFAE285CB3EE0054B427 /* Notifications~System.swift in Sources */,
				5C8DBF8E285B99C70054B427 /* UIKit~Async.swift in Sources */,
				5C8DBEE1285213A70054B427 /* Base~View.swift in Sources */,
				5C8DBF56285B7CE20054B427 /* Subs~Screen.swift in Sources */,
				5C8DBF172858FC0D0054B427 /* Analytics~Service.swift in Sources */,
				5C8DBF3528591E090054B427 /* Notifications.swift in Sources */,
				5C8DBF5B285B8BC50054B427 /* Assets.generated.swift in Sources */,
				5C8DBEE3285214220054B427 /* Base.swift in Sources */,
				5C8DBEE5285214430054B427 /* Base~ImageView.swift in Sources */,
				5C8DBF5C285B8BC50054B427 /* L10n.generated.swift in Sources */,
				5C8DBFA7285CA4A50054B427 /* Common~DotLabel.swift in Sources */,
				5C8DBF90285B99DF0054B427 /* TimeInterval~Extension.swift in Sources */,
				5C8DBEF1285217950054B427 /* Subs~VC.swift in Sources */,
				5C8DBF54285B5B9F0054B427 /* Equatable~Extensions.swift in Sources */,
				5C8DBF002858F6910054B427 /* UIViewController~Extensions.swift in Sources */,
				5C8DBEE7285214440054B427 /* Base~Control.swift in Sources */,
				5C8DBF4D285A192F0054B427 /* UIExtension.swift in Sources */,
				5C8DBF242858FF460054B427 /* Utils.swift in Sources */,
				5C8DBEEF285215FA0054B427 /* Permissions~VC.swift in Sources */,
				5C8DBF272859003A0054B427 /* UITypes.swift in Sources */,
				5C8DBF052858FB000054B427 /* BranchService.swift in Sources */,
				5C8DBF4C285A192F0054B427 /* UIScalable.swift in Sources */,
				5C8DBF212858FC0D0054B427 /* Analytics~FIREvent.swift in Sources */,
				5C8DBEB728511C210054B427 /* SceneDelegate.swift in Sources */,
				5C8DBF3228590ED90054B427 /* Error.swift in Sources */,
				5C8DBF92285B9AA30054B427 /* Flowable.swift in Sources */,
				5C8DBF292859012E0054B427 /* NotificationsService.swift in Sources */,
				5C8DBF3928591E4A0054B427 /* DeinitObserver.swift in Sources */,
				5C8DBF222858FC0D0054B427 /* Analytics~OSLog.swift in Sources */,
				5C8DBF41285A13540054B427 /* HUD.swift in Sources */,
				5C8DBF94285B9EEC0054B427 /* Base~Label.swift in Sources */,
				5C8DBF022858F7130054B427 /* UIView~Extensions.swift in Sources */,
				5C8DBF182858FC0D0054B427 /* Analytics~Event.swift in Sources */,
				5C8DBF9D285BAC040054B427 /* UIColor~Extensions.swift in Sources */,
			);
			runOnlyForDeploymentPostprocessing = 0;
		};
/* End PBXSourcesBuildPhase section */

/* Begin PBXVariantGroup section */
		5C8DBEBF28511C240054B427 /* LaunchScreen.storyboard */ = {
			isa = PBXVariantGroup;
			children = (
				5C8DBEC028511C240054B427 /* Base */,
			);
			name = LaunchScreen.storyboard;
			sourceTree = "<group>";
		};
		5C8DBF60285B8C920054B427 /* Localizable.strings */ = {
			isa = PBXVariantGroup;
			children = (
				5C8DBF61285B8C920054B427 /* en */,
				5C8DBF69285B8C920054B427 /* uk */,
				5C8DBF6E285B8C920054B427 /* es */,
				5C8DBF73285B8C920054B427 /* pt-BR */,
				5C8DBF78285B8C920054B427 /* ru */,
				5C8DBF7D285B8C920054B427 /* fr */,
				5C8DBF82285B8C920054B427 /* pt-PT */,
			);
			name = Localizable.strings;
			sourceTree = "<group>";
		};
		5C8DBF62285B8C920054B427 /* InfoPlist.strings */ = {
			isa = PBXVariantGroup;
			children = (
				5C8DBF63285B8C920054B427 /* en */,
				5C8DBF6A285B8C920054B427 /* uk */,
				5C8DBF6F285B8C920054B427 /* es */,
				5C8DBF74285B8C920054B427 /* pt-BR */,
				5C8DBF79285B8C920054B427 /* ru */,
				5C8DBF7E285B8C920054B427 /* fr */,
				5C8DBF83285B8C920054B427 /* pt-PT */,
			);
			name = InfoPlist.strings;
			sourceTree = "<group>";
		};
/* End PBXVariantGroup section */

/* Begin XCBuildConfiguration section */
		5C8DBEC328511C240054B427 /* Debug */ = {
			isa = XCBuildConfiguration;
			buildSettings = {
				ALWAYS_SEARCH_USER_PATHS = NO;
				CLANG_ANALYZER_NONNULL = YES;
				CLANG_ANALYZER_NUMBER_OBJECT_CONVERSION = YES_AGGRESSIVE;
				CLANG_CXX_LANGUAGE_STANDARD = "gnu++17";
				CLANG_ENABLE_MODULES = YES;
				CLANG_ENABLE_OBJC_ARC = YES;
				CLANG_ENABLE_OBJC_WEAK = YES;
				CLANG_WARN_BLOCK_CAPTURE_AUTORELEASING = YES;
				CLANG_WARN_BOOL_CONVERSION = YES;
				CLANG_WARN_COMMA = YES;
				CLANG_WARN_CONSTANT_CONVERSION = YES;
				CLANG_WARN_DEPRECATED_OBJC_IMPLEMENTATIONS = YES;
				CLANG_WARN_DIRECT_OBJC_ISA_USAGE = YES_ERROR;
				CLANG_WARN_DOCUMENTATION_COMMENTS = YES;
				CLANG_WARN_EMPTY_BODY = YES;
				CLANG_WARN_ENUM_CONVERSION = YES;
				CLANG_WARN_INFINITE_RECURSION = YES;
				CLANG_WARN_INT_CONVERSION = YES;
				CLANG_WARN_NON_LITERAL_NULL_CONVERSION = YES;
				CLANG_WARN_OBJC_IMPLICIT_RETAIN_SELF = YES;
				CLANG_WARN_OBJC_LITERAL_CONVERSION = YES;
				CLANG_WARN_OBJC_ROOT_CLASS = YES_ERROR;
				CLANG_WARN_QUOTED_INCLUDE_IN_FRAMEWORK_HEADER = YES;
				CLANG_WARN_RANGE_LOOP_ANALYSIS = YES;
				CLANG_WARN_STRICT_PROTOTYPES = YES;
				CLANG_WARN_SUSPICIOUS_MOVE = YES;
				CLANG_WARN_UNGUARDED_AVAILABILITY = YES_AGGRESSIVE;
				CLANG_WARN_UNREACHABLE_CODE = YES;
				CLANG_WARN__DUPLICATE_METHOD_MATCH = YES;
				COPY_PHASE_STRIP = NO;
				DEBUG_INFORMATION_FORMAT = dwarf;
				ENABLE_STRICT_OBJC_MSGSEND = YES;
				ENABLE_TESTABILITY = YES;
				GCC_C_LANGUAGE_STANDARD = gnu11;
				GCC_DYNAMIC_NO_PIC = NO;
				GCC_NO_COMMON_BLOCKS = YES;
				GCC_OPTIMIZATION_LEVEL = 0;
				GCC_PREPROCESSOR_DEFINITIONS = (
					"DEBUG=1",
					"$(inherited)",
				);
				GCC_WARN_64_TO_32_BIT_CONVERSION = YES;
				GCC_WARN_ABOUT_RETURN_TYPE = YES_ERROR;
				GCC_WARN_UNDECLARED_SELECTOR = YES;
				GCC_WARN_UNINITIALIZED_AUTOS = YES_AGGRESSIVE;
				GCC_WARN_UNUSED_FUNCTION = YES;
				GCC_WARN_UNUSED_VARIABLE = YES;
				IPHONEOS_DEPLOYMENT_TARGET = 13.0;
				MTL_ENABLE_DEBUG_INFO = INCLUDE_SOURCE;
				MTL_FAST_MATH = YES;
				ONLY_ACTIVE_ARCH = YES;
				SDKROOT = iphoneos;
				SWIFT_ACTIVE_COMPILATION_CONDITIONS = DEBUG;
				SWIFT_OPTIMIZATION_LEVEL = "-Onone";
			};
			name = Debug;
		};
		5C8DBEC428511C240054B427 /* Release */ = {
			isa = XCBuildConfiguration;
			buildSettings = {
				ALWAYS_SEARCH_USER_PATHS = NO;
				CLANG_ANALYZER_NONNULL = YES;
				CLANG_ANALYZER_NUMBER_OBJECT_CONVERSION = YES_AGGRESSIVE;
				CLANG_CXX_LANGUAGE_STANDARD = "gnu++17";
				CLANG_ENABLE_MODULES = YES;
				CLANG_ENABLE_OBJC_ARC = YES;
				CLANG_ENABLE_OBJC_WEAK = YES;
				CLANG_WARN_BLOCK_CAPTURE_AUTORELEASING = YES;
				CLANG_WARN_BOOL_CONVERSION = YES;
				CLANG_WARN_COMMA = YES;
				CLANG_WARN_CONSTANT_CONVERSION = YES;
				CLANG_WARN_DEPRECATED_OBJC_IMPLEMENTATIONS = YES;
				CLANG_WARN_DIRECT_OBJC_ISA_USAGE = YES_ERROR;
				CLANG_WARN_DOCUMENTATION_COMMENTS = YES;
				CLANG_WARN_EMPTY_BODY = YES;
				CLANG_WARN_ENUM_CONVERSION = YES;
				CLANG_WARN_INFINITE_RECURSION = YES;
				CLANG_WARN_INT_CONVERSION = YES;
				CLANG_WARN_NON_LITERAL_NULL_CONVERSION = YES;
				CLANG_WARN_OBJC_IMPLICIT_RETAIN_SELF = YES;
				CLANG_WARN_OBJC_LITERAL_CONVERSION = YES;
				CLANG_WARN_OBJC_ROOT_CLASS = YES_ERROR;
				CLANG_WARN_QUOTED_INCLUDE_IN_FRAMEWORK_HEADER = YES;
				CLANG_WARN_RANGE_LOOP_ANALYSIS = YES;
				CLANG_WARN_STRICT_PROTOTYPES = YES;
				CLANG_WARN_SUSPICIOUS_MOVE = YES;
				CLANG_WARN_UNGUARDED_AVAILABILITY = YES_AGGRESSIVE;
				CLANG_WARN_UNREACHABLE_CODE = YES;
				CLANG_WARN__DUPLICATE_METHOD_MATCH = YES;
				COPY_PHASE_STRIP = NO;
				DEBUG_INFORMATION_FORMAT = "dwarf-with-dsym";
				ENABLE_NS_ASSERTIONS = NO;
				ENABLE_STRICT_OBJC_MSGSEND = YES;
				GCC_C_LANGUAGE_STANDARD = gnu11;
				GCC_NO_COMMON_BLOCKS = YES;
				GCC_WARN_64_TO_32_BIT_CONVERSION = YES;
				GCC_WARN_ABOUT_RETURN_TYPE = YES_ERROR;
				GCC_WARN_UNDECLARED_SELECTOR = YES;
				GCC_WARN_UNINITIALIZED_AUTOS = YES_AGGRESSIVE;
				GCC_WARN_UNUSED_FUNCTION = YES;
				GCC_WARN_UNUSED_VARIABLE = YES;
				IPHONEOS_DEPLOYMENT_TARGET = 13.0;
				MTL_ENABLE_DEBUG_INFO = NO;
				MTL_FAST_MATH = YES;
				SDKROOT = iphoneos;
				SWIFT_COMPILATION_MODE = wholemodule;
				SWIFT_OPTIMIZATION_LEVEL = "-O";
				VALIDATE_PRODUCT = YES;
			};
			name = Release;
		};
		5C8DBEC628511C240054B427 /* Debug */ = {
			isa = XCBuildConfiguration;
			buildSettings = {
				ASSETCATALOG_COMPILER_APPICON_NAME = AppIcon;
				ASSETCATALOG_COMPILER_GLOBAL_ACCENT_COLOR_NAME = AccentColor;
				CLANG_ENABLE_MODULES = YES;
				CODE_SIGN_STYLE = Automatic;
				CURRENT_PROJECT_VERSION = 1;
				DEVELOPMENT_TEAM = VZDA4522ZH;
				GENERATE_INFOPLIST_FILE = YES;
				INFOPLIST_FILE = SubsTemplate/Resources/Info.plist;
				INFOPLIST_KEY_UIApplicationSupportsIndirectInputEvents = YES;
				INFOPLIST_KEY_UILaunchStoryboardName = LaunchScreen;
				INFOPLIST_KEY_UISupportedInterfaceOrientations_iPad = "UIInterfaceOrientationPortrait UIInterfaceOrientationPortraitUpsideDown UIInterfaceOrientationLandscapeLeft UIInterfaceOrientationLandscapeRight";
				INFOPLIST_KEY_UISupportedInterfaceOrientations_iPhone = "UIInterfaceOrientationPortrait UIInterfaceOrientationLandscapeLeft UIInterfaceOrientationLandscapeRight";
				LD_RUNPATH_SEARCH_PATHS = (
					"$(inherited)",
					"@executable_path/Frameworks",
				);
				MARKETING_VERSION = 1.0;
				PRODUCT_BUNDLE_IDENTIFIER = com.appstea.proto;
				PRODUCT_NAME = "$(TARGET_NAME)";
				SWIFT_EMIT_LOC_STRINGS = YES;
				SWIFT_OBJC_BRIDGING_HEADER = "SubsTemplate/Bootstrap/SubsTemplate-Bridging-Header.h";
				SWIFT_OPTIMIZATION_LEVEL = "-Onone";
				SWIFT_VERSION = 5.0;
				TARGETED_DEVICE_FAMILY = "1,2";
			};
			name = Debug;
		};
		5C8DBEC728511C240054B427 /* Release */ = {
			isa = XCBuildConfiguration;
			buildSettings = {
				ASSETCATALOG_COMPILER_APPICON_NAME = AppIcon;
				ASSETCATALOG_COMPILER_GLOBAL_ACCENT_COLOR_NAME = AccentColor;
				CLANG_ENABLE_MODULES = YES;
				CODE_SIGN_STYLE = Automatic;
				CURRENT_PROJECT_VERSION = 1;
				DEVELOPMENT_TEAM = VZDA4522ZH;
				GENERATE_INFOPLIST_FILE = YES;
				INFOPLIST_FILE = SubsTemplate/Resources/Info.plist;
				INFOPLIST_KEY_UIApplicationSupportsIndirectInputEvents = YES;
				INFOPLIST_KEY_UILaunchStoryboardName = LaunchScreen;
				INFOPLIST_KEY_UISupportedInterfaceOrientations_iPad = "UIInterfaceOrientationPortrait UIInterfaceOrientationPortraitUpsideDown UIInterfaceOrientationLandscapeLeft UIInterfaceOrientationLandscapeRight";
				INFOPLIST_KEY_UISupportedInterfaceOrientations_iPhone = "UIInterfaceOrientationPortrait UIInterfaceOrientationLandscapeLeft UIInterfaceOrientationLandscapeRight";
				LD_RUNPATH_SEARCH_PATHS = (
					"$(inherited)",
					"@executable_path/Frameworks",
				);
				MARKETING_VERSION = 1.0;
				PRODUCT_BUNDLE_IDENTIFIER = com.appstea.proto;
				PRODUCT_NAME = "$(TARGET_NAME)";
				SWIFT_EMIT_LOC_STRINGS = YES;
				SWIFT_OBJC_BRIDGING_HEADER = "SubsTemplate/Bootstrap/SubsTemplate-Bridging-Header.h";
				SWIFT_VERSION = 5.0;
				TARGETED_DEVICE_FAMILY = "1,2";
			};
			name = Release;
		};
/* End XCBuildConfiguration section */

/* Begin XCConfigurationList section */
		5C8DBEAC28511C210054B427 /* Build configuration list for PBXProject "SubsTemplate" */ = {
			isa = XCConfigurationList;
			buildConfigurations = (
				5C8DBEC328511C240054B427 /* Debug */,
				5C8DBEC428511C240054B427 /* Release */,
			);
			defaultConfigurationIsVisible = 0;
			defaultConfigurationName = Release;
		};
		5C8DBEC528511C240054B427 /* Build configuration list for PBXNativeTarget "SubsTemplate" */ = {
			isa = XCConfigurationList;
			buildConfigurations = (
				5C8DBEC628511C240054B427 /* Debug */,
				5C8DBEC728511C240054B427 /* Release */,
			);
			defaultConfigurationIsVisible = 0;
			defaultConfigurationName = Release;
		};
/* End XCConfigurationList section */

/* Begin XCRemoteSwiftPackageReference section */
		5C8DBEC828511D8B0054B427 /* XCRemoteSwiftPackageReference "ios-branch-deep-linking-attribution" */ = {
			isa = XCRemoteSwiftPackageReference;
			repositoryURL = "https://github.com/BranchMetrics/ios-branch-deep-linking-attribution";
			requirement = {
				kind = upToNextMajorVersion;
				minimumVersion = 1.0.0;
			};
		};
		5C8DBECE28511FC40054B427 /* XCRemoteSwiftPackageReference "firebase-ios-sdk" */ = {
			isa = XCRemoteSwiftPackageReference;
			repositoryURL = "https://github.com/firebase/firebase-ios-sdk.git";
			requirement = {
				kind = upToNextMajorVersion;
				minimumVersion = 9.0.0;
			};
		};
		5C8DBED3285120CF0054B427 /* XCRemoteSwiftPackageReference "purchases-ios" */ = {
			isa = XCRemoteSwiftPackageReference;
			repositoryURL = "https://github.com/RevenueCat/purchases-ios.git";
			requirement = {
				kind = upToNextMajorVersion;
				minimumVersion = 4.0.0;
			};
		};
		5C8DBED62852078D0054B427 /* XCRemoteSwiftPackageReference "StackCraft" */ = {
			isa = XCRemoteSwiftPackageReference;
			repositoryURL = "https://github.com/dDomovoj/StackCraft";
			requirement = {
				kind = upToNextMajorVersion;
				minimumVersion = 0.3.3;
			};
		};
		5C8DBF50285B5A050054B427 /* XCRemoteSwiftPackageReference "Reachability" */ = {
			isa = XCRemoteSwiftPackageReference;
			repositoryURL = "https://github.com/ashleymills/Reachability.swift";
			requirement = {
				branch = master;
				kind = branch;
			};
		};
		5C8DBFA0285BB5770054B427 /* XCRemoteSwiftPackageReference "PinLayout" */ = {
			isa = XCRemoteSwiftPackageReference;
			repositoryURL = "https://github.com/layoutBox/PinLayout";
			requirement = {
				kind = upToNextMajorVersion;
				minimumVersion = 1.0.0;
			};
		};
		5C8DBFA3285BB65A0054B427 /* XCRemoteSwiftPackageReference "SwiftyAttributes" */ = {
			isa = XCRemoteSwiftPackageReference;
			repositoryURL = "https://github.com/eddiekaiger/SwiftyAttributes";
			requirement = {
				branch = master;
				kind = branch;
			};
		};
/* End XCRemoteSwiftPackageReference section */

/* Begin XCSwiftPackageProductDependency section */
		5C8DBEC928511D8B0054B427 /* Branch */ = {
			isa = XCSwiftPackageProductDependency;
			package = 5C8DBEC828511D8B0054B427 /* XCRemoteSwiftPackageReference "ios-branch-deep-linking-attribution" */;
			productName = Branch;
		};
		5C8DBECF28511FC40054B427 /* FirebaseAnalytics */ = {
			isa = XCSwiftPackageProductDependency;
			package = 5C8DBECE28511FC40054B427 /* XCRemoteSwiftPackageReference "firebase-ios-sdk" */;
			productName = FirebaseAnalytics;
		};
		5C8DBED128511FC40054B427 /* FirebaseMessaging */ = {
			isa = XCSwiftPackageProductDependency;
			package = 5C8DBECE28511FC40054B427 /* XCRemoteSwiftPackageReference "firebase-ios-sdk" */;
			productName = FirebaseMessaging;
		};
		5C8DBED4285120CF0054B427 /* RevenueCat */ = {
			isa = XCSwiftPackageProductDependency;
			package = 5C8DBED3285120CF0054B427 /* XCRemoteSwiftPackageReference "purchases-ios" */;
			productName = RevenueCat;
		};
		5C8DBED72852078D0054B427 /* StackCraft */ = {
			isa = XCSwiftPackageProductDependency;
			package = 5C8DBED62852078D0054B427 /* XCRemoteSwiftPackageReference "StackCraft" */;
			productName = StackCraft;
		};
		5C8DBF51285B5A050054B427 /* Reachability */ = {
			isa = XCSwiftPackageProductDependency;
			package = 5C8DBF50285B5A050054B427 /* XCRemoteSwiftPackageReference "Reachability" */;
			productName = Reachability;
		};
		5C8DBFA1285BB5770054B427 /* PinLayout */ = {
			isa = XCSwiftPackageProductDependency;
			package = 5C8DBFA0285BB5770054B427 /* XCRemoteSwiftPackageReference "PinLayout" */;
			productName = PinLayout;
		};
		5C8DBFA4285BB65A0054B427 /* SwiftyAttributes */ = {
			isa = XCSwiftPackageProductDependency;
			package = 5C8DBFA3285BB65A0054B427 /* XCRemoteSwiftPackageReference "SwiftyAttributes" */;
			productName = SwiftyAttributes;
		};
/* End XCSwiftPackageProductDependency section */
	};
	rootObject = 5C8DBEA928511C210054B427 /* Project object */;
}
